{
  "version": 4,
  "terraform_version": "1.9.3",
  "serial": 61,
  "lineage": "202a6753-a08d-ea7e-c8e3-a21509bbf618",
  "outputs": {
    "N01653241-datadisk_name": {
      "value": [
        "0-data-disk",
        "1-data-disk",
        "2-data-disk",
        "3-data-disk"
      ],
      "type": [
        "tuple",
        [
          "string",
          "string",
          "string",
          "string"
        ]
      ]
    },
    "N01653241-linux_private_ip_address": {
      "value": [
        [
          "10.0.0.4",
          "10.0.0.5",
          "10.0.0.7"
        ]
      ],
      "type": [
        "tuple",
        [
          [
            "tuple",
            [
              "string",
              "string",
              "string"
            ]
          ]
        ]
      ]
    },
    "N01653241-linux_public_ip_address": {
      "value": [
        [
          "4.206.109.175",
          "4.206.109.177",
          "4.206.109.182"
        ]
      ],
      "type": [
        "tuple",
        [
          [
            "tuple",
            [
              "string",
              "string",
              "string"
            ]
          ]
        ]
      ]
    },
    "N01653241-linux_vm_fqdn": {
      "value": [
        "linux-3241vm01-dns-1.canadacentral.cloudapp.azure.com",
        "linux-3241vm01-dns-2.canadacentral.cloudapp.azure.com",
        "linux-3241vm01-dns-3.canadacentral.cloudapp.azure.com"
      ],
      "type": [
        "tuple",
        [
          "string",
          "string",
          "string"
        ]
      ]
    },
    "N01653241-linux_vm_hostname": {
      "value": [
        "linux-3241vm01-1",
        "linux-3241vm01-2",
        "linux-3241vm01-3"
      ],
      "type": [
        "tuple",
        [
          "string",
          "string",
          "string"
        ]
      ]
    },
    "N01653241-loadbalancer-name": {
      "value": "assignment-lb",
      "type": "string"
    },
    "N01653241-loadbalancer-public-ip": {
      "value": "52.233.4.157",
      "type": "string"
    },
    "N01653241-log_analytics_workspace_name": {
      "value": "ramyalog",
      "type": "string"
    },
    "N01653241-recovery_services_vault_name": {
      "value": "ramyavault",
      "type": "string"
    },
    "N01653241-storage_account-primary_blob_endpoint": {
      "value": "https://ramyastorage3241.blob.core.windows.net/",
      "type": "string"
    },
    "N01653241-storage_account_name": {
      "value": "ramyastorage3241",
      "type": "string"
    },
    "N01653241-subnet_id": {
      "value": "/subscriptions/1d212972-cba6-40f5-964a-e09a3321fc96/resourceGroups/n01653241-RG/providers/Microsoft.Network/virtualNetworks/n01609484-vnet/subnets/n01609484-subnet",
      "type": "string"
    },
    "N01653241-virtual_network": {
      "value": "n01609484-vnet",
      "type": "string"
    },
    "N01653241-vmlinux-nic-ids": {
      "value": [
        "/subscriptions/1d212972-cba6-40f5-964a-e09a3321fc96/resourceGroups/n01653241-RG/providers/Microsoft.Network/networkInterfaces/linux-3241vm01-nic-1",
        "/subscriptions/1d212972-cba6-40f5-964a-e09a3321fc96/resourceGroups/n01653241-RG/providers/Microsoft.Network/networkInterfaces/linux-3241vm01-nic-2",
        "/subscriptions/1d212972-cba6-40f5-964a-e09a3321fc96/resourceGroups/n01653241-RG/providers/Microsoft.Network/networkInterfaces/linux-3241vm01-nic-3"
      ],
      "type": [
        "tuple",
        [
          "string",
          "string",
          "string"
        ]
      ]
    },
    "N01653241-vmwindows-fqdn": {
      "value": [
        "dns-logical-piglet-1.canadacentral.cloudapp.azure.com"
      ],
      "type": [
        "tuple",
        [
          "string"
        ]
      ]
    },
    "N01653241-vmwindows-hostname": {
      "value": [
        "windows-3241vm-windowsvm-1"
      ],
      "type": [
        "tuple",
        [
          "string"
        ]
      ]
    },
    "N01653241-vmwindows-nic-ids": {
      "value": [
        "/subscriptions/1d212972-cba6-40f5-964a-e09a3321fc96/resourceGroups/n01653241-RG/providers/Microsoft.Network/networkInterfaces/windows-3241vm-nic-1"
      ],
      "type": [
        "tuple",
        [
          "string"
        ]
      ]
    },
    "N01653241-vmwindows-private-ip": {
      "value": [
        [
          "10.0.0.6"
        ]
      ],
      "type": [
        "tuple",
        [
          [
            "tuple",
            [
              "string"
            ]
          ]
        ]
      ]
    },
    "N01653241-vmwindows-public-ip": {
      "value": [
        [
          "4.206.105.169"
        ]
      ],
      "type": [
        "tuple",
        [
          [
            "tuple",
            [
              "string"
            ]
          ]
        ]
      ]
    },
    "N01653241-vnet_address_space": {
      "value": [
        "10.0.0.0/16"
      ],
      "type": [
        "list",
        "string"
      ]
    },
    "N01653241_Rg_location": {
      "value": "canadacentral",
      "type": "string"
    },
    "N01653241_Rg_name": {
      "value": "n01653241-RG",
      "type": "string"
    },
    "N01653241_subnet_name": {
      "value": "n01609484-subnet",
      "type": "string"
    }
  },
  "resources": [
    {
      "mode": "managed",
      "type": "null_resource",
      "name": "ansible_playbook",
      "provider": "provider[\"registry.terraform.io/hashicorp/null\"]",
      "instances": [
        {
          "schema_version": 0,
          "attributes": {
            "id": "6565144959449589165",
            "triggers": null
          },
          "sensitive_attributes": [],
          "dependencies": [
            "module.common_services.azurerm_storage_account.standard_storage-3241",
            "module.data_disk.azurerm_managed_disk.data_disk",
            "module.data_disk.azurerm_virtual_machine_data_disk_attachment.data_disk_attach",
            "module.linux_vm.azurerm_availability_set.as-3241",
            "module.linux_vm.azurerm_linux_virtual_machine.vmlinux",
            "module.linux_vm.azurerm_network_interface.NI",
            "module.linux_vm.azurerm_public_ip.pub_ip",
            "module.linux_vm.azurerm_virtual_machine_extension.azure_monitor",
            "module.linux_vm.azurerm_virtual_machine_extension.network_watcher",
            "module.linux_vm.null_resource.vmlinux-provisioner-linux",
            "module.networking.azurerm_subnet.subnet-3241",
            "module.networking.azurerm_virtual_network.network-3241",
            "module.resource_group.azurerm_resource_group.rgroup-3241",
            "module.windows_vm.azurerm_availability_set.windows_availability_set",
            "module.windows_vm.azurerm_network_interface.windows_nic",
            "module.windows_vm.azurerm_public_ip.windows_public_ip",
            "module.windows_vm.azurerm_windows_virtual_machine.windows_vm",
            "module.windows_vm.random_pet.dns_suffix"
          ]
        }
      ]
    },
    {
      "module": "module.common_services",
      "mode": "managed",
      "type": "azurerm_log_analytics_workspace",
      "name": "common-3241",
      "provider": "provider[\"registry.terraform.io/hashicorp/azurerm\"]",
      "instances": [
        {
          "schema_version": 3,
          "attributes": {
            "allow_resource_only_permissions": true,
            "cmk_for_query_forced": false,
            "daily_quota_gb": -1,
            "data_collection_rule_id": "",
            "id": "/subscriptions/1d212972-cba6-40f5-964a-e09a3321fc96/resourceGroups/n01653241-RG/providers/Microsoft.OperationalInsights/workspaces/ramyalog",
            "identity": [],
            "immediate_data_purge_on_30_days_enabled": false,
            "internet_ingestion_enabled": true,
            "internet_query_enabled": true,
            "local_authentication_disabled": false,
            "location": "canadacentral",
            "name": "ramyalog",
            "primary_shared_key": "QQzKJ5V5EsOuEHyK0Nn85YQt6+RXFrbg2oG8A+aQ8Gg6d6Zj29inn/yjIc8aEIAzXgFiAnPEO53PbTACK14LmA==",
            "reservation_capacity_in_gb_per_day": null,
            "resource_group_name": "n01653241-RG",
            "retention_in_days": 40,
            "secondary_shared_key": "CE1WPbOBRN+EOOhZN4dbB20vrtgXMsQoiqE3inkO/BE6kuIl9hnqUFmZa28Te/1w7BGd4cg/fmToobhzUnW2ag==",
            "sku": "PerGB2018",
            "tags": {
              "Assignment": "CCGC 5502 Automation Assignment",
              "Environment": "Learning",
              "ExpirationDate": "2024-12-31",
              "Name": "Ramya Malikereddy"
            },
            "timeouts": null,
            "workspace_id": "85540cef-b05b-4aa3-9c43-98e4c80b35e0"
          },
          "sensitive_attributes": [
            [
              {
                "type": "get_attr",
                "value": "primary_shared_key"
              }
            ],
            [
              {
                "type": "get_attr",
                "value": "secondary_shared_key"
              }
            ]
          ],
          "private": "eyJlMmJmYjczMC1lY2FhLTExZTYtOGY4OC0zNDM2M2JjN2M0YzAiOnsiY3JlYXRlIjoxODAwMDAwMDAwMDAwLCJkZWxldGUiOjE4MDAwMDAwMDAwMDAsInJlYWQiOjMwMDAwMDAwMDAwMCwidXBkYXRlIjoxODAwMDAwMDAwMDAwfSwic2NoZW1hX3ZlcnNpb24iOiIzIn0=",
          "dependencies": [
            "module.resource_group.azurerm_resource_group.rgroup-3241"
          ]
        }
      ]
    },
    {
      "module": "module.common_services",
      "mode": "managed",
      "type": "azurerm_recovery_services_vault",
      "name": "recovery_vault-3241",
      "provider": "provider[\"registry.terraform.io/hashicorp/azurerm\"]",
      "instances": [
        {
          "schema_version": 0,
          "attributes": {
            "classic_vmware_replication_enabled": false,
            "cross_region_restore_enabled": false,
            "encryption": [],
            "id": "/subscriptions/1d212972-cba6-40f5-964a-e09a3321fc96/resourceGroups/n01653241-RG/providers/Microsoft.RecoveryServices/vaults/ramyavault",
            "identity": [],
            "immutability": "Disabled",
            "location": "canadacentral",
            "monitoring": [],
            "name": "ramyavault",
            "public_network_access_enabled": true,
            "resource_group_name": "n01653241-RG",
            "sku": "Standard",
            "soft_delete_enabled": true,
            "storage_mode_type": "GeoRedundant",
            "tags": {
              "Assignment": "CCGC 5502 Automation Assignment",
              "Environment": "Learning",
              "ExpirationDate": "2024-12-31",
              "Name": "Ramya Malikereddy"
            },
            "timeouts": null
          },
          "sensitive_attributes": [],
          "private": "eyJlMmJmYjczMC1lY2FhLTExZTYtOGY4OC0zNDM2M2JjN2M0YzAiOnsiY3JlYXRlIjo3MjAwMDAwMDAwMDAwLCJkZWxldGUiOjE4MDAwMDAwMDAwMDAsInJlYWQiOjMwMDAwMDAwMDAwMCwidXBkYXRlIjozNjAwMDAwMDAwMDAwfX0=",
          "dependencies": [
            "module.resource_group.azurerm_resource_group.rgroup-3241"
          ]
        }
      ]
    },
    {
      "module": "module.common_services",
      "mode": "managed",
      "type": "azurerm_storage_account",
      "name": "standard_storage-3241",
      "provider": "provider[\"registry.terraform.io/hashicorp/azurerm\"]",
      "instances": [
        {
          "schema_version": 4,
          "attributes": {
            "access_tier": "Hot",
            "account_kind": "StorageV2",
            "account_replication_type": "LRS",
            "account_tier": "Standard",
            "allow_nested_items_to_be_public": true,
            "allowed_copy_scope": "",
            "azure_files_authentication": [],
            "blob_properties": [
              {
                "change_feed_enabled": false,
                "change_feed_retention_in_days": 0,
                "container_delete_retention_policy": [],
                "cors_rule": [],
                "default_service_version": "",
                "delete_retention_policy": [],
                "last_access_time_enabled": false,
                "restore_policy": [],
                "versioning_enabled": false
              }
            ],
            "cross_tenant_replication_enabled": true,
            "custom_domain": [],
            "customer_managed_key": [],
            "default_to_oauth_authentication": false,
            "dns_endpoint_type": "Standard",
            "edge_zone": "",
            "enable_https_traffic_only": true,
            "https_traffic_only_enabled": true,
            "id": "/subscriptions/1d212972-cba6-40f5-964a-e09a3321fc96/resourceGroups/n01653241-RG/providers/Microsoft.Storage/storageAccounts/ramyastorage3241",
            "identity": [],
            "immutability_policy": [],
            "infrastructure_encryption_enabled": false,
            "is_hns_enabled": false,
            "large_file_share_enabled": false,
            "local_user_enabled": true,
            "location": "canadacentral",
            "min_tls_version": "TLS1_2",
            "name": "ramyastorage3241",
            "network_rules": [],
            "nfsv3_enabled": false,
            "primary_access_key": "XGCDY3AI9eInTgLumOjmgJS7Omgu2l15v5uS8y7u/RPH0oPDgY3G2RSeFFimFGk5K6nm9lQdUDZr+AStAyxGGA==",
            "primary_blob_connection_string": "DefaultEndpointsProtocol=https;BlobEndpoint=https://ramyastorage3241.blob.core.windows.net/;AccountName=ramyastorage3241;AccountKey=XGCDY3AI9eInTgLumOjmgJS7Omgu2l15v5uS8y7u/RPH0oPDgY3G2RSeFFimFGk5K6nm9lQdUDZr+AStAyxGGA==",
            "primary_blob_endpoint": "https://ramyastorage3241.blob.core.windows.net/",
            "primary_blob_host": "ramyastorage3241.blob.core.windows.net",
            "primary_blob_internet_endpoint": "",
            "primary_blob_internet_host": "",
            "primary_blob_microsoft_endpoint": "",
            "primary_blob_microsoft_host": "",
            "primary_connection_string": "DefaultEndpointsProtocol=https;AccountName=ramyastorage3241;AccountKey=XGCDY3AI9eInTgLumOjmgJS7Omgu2l15v5uS8y7u/RPH0oPDgY3G2RSeFFimFGk5K6nm9lQdUDZr+AStAyxGGA==;EndpointSuffix=core.windows.net",
            "primary_dfs_endpoint": "https://ramyastorage3241.dfs.core.windows.net/",
            "primary_dfs_host": "ramyastorage3241.dfs.core.windows.net",
            "primary_dfs_internet_endpoint": "",
            "primary_dfs_internet_host": "",
            "primary_dfs_microsoft_endpoint": "",
            "primary_dfs_microsoft_host": "",
            "primary_file_endpoint": "https://ramyastorage3241.file.core.windows.net/",
            "primary_file_host": "ramyastorage3241.file.core.windows.net",
            "primary_file_internet_endpoint": "",
            "primary_file_internet_host": "",
            "primary_file_microsoft_endpoint": "",
            "primary_file_microsoft_host": "",
            "primary_location": "canadacentral",
            "primary_queue_endpoint": "https://ramyastorage3241.queue.core.windows.net/",
            "primary_queue_host": "ramyastorage3241.queue.core.windows.net",
            "primary_queue_microsoft_endpoint": "",
            "primary_queue_microsoft_host": "",
            "primary_table_endpoint": "https://ramyastorage3241.table.core.windows.net/",
            "primary_table_host": "ramyastorage3241.table.core.windows.net",
            "primary_table_microsoft_endpoint": "",
            "primary_table_microsoft_host": "",
            "primary_web_endpoint": "https://ramyastorage3241.z9.web.core.windows.net/",
            "primary_web_host": "ramyastorage3241.z9.web.core.windows.net",
            "primary_web_internet_endpoint": "",
            "primary_web_internet_host": "",
            "primary_web_microsoft_endpoint": "",
            "primary_web_microsoft_host": "",
            "public_network_access_enabled": true,
            "queue_encryption_key_type": "Service",
            "queue_properties": [
              {
                "cors_rule": [],
                "hour_metrics": [
                  {
                    "enabled": true,
                    "include_apis": true,
                    "retention_policy_days": 7,
                    "version": "1.0"
                  }
                ],
                "logging": [
                  {
                    "delete": false,
                    "read": false,
                    "retention_policy_days": 0,
                    "version": "1.0",
                    "write": false
                  }
                ],
                "minute_metrics": [
                  {
                    "enabled": false,
                    "include_apis": false,
                    "retention_policy_days": 0,
                    "version": "1.0"
                  }
                ]
              }
            ],
            "resource_group_name": "n01653241-RG",
            "routing": [],
            "sas_policy": [],
            "secondary_access_key": "xQjP9ZP9nY+e35pSj1/r5vmQe4pFkb0Fvm8+QGjSuUJm9CmKrVNDkEr9u6LLbHO+UnegYB9VqPrt+AStlRupEQ==",
            "secondary_blob_connection_string": "",
            "secondary_blob_endpoint": "",
            "secondary_blob_host": "",
            "secondary_blob_internet_endpoint": "",
            "secondary_blob_internet_host": "",
            "secondary_blob_microsoft_endpoint": "",
            "secondary_blob_microsoft_host": "",
            "secondary_connection_string": "DefaultEndpointsProtocol=https;AccountName=ramyastorage3241;AccountKey=xQjP9ZP9nY+e35pSj1/r5vmQe4pFkb0Fvm8+QGjSuUJm9CmKrVNDkEr9u6LLbHO+UnegYB9VqPrt+AStlRupEQ==;EndpointSuffix=core.windows.net",
            "secondary_dfs_endpoint": "",
            "secondary_dfs_host": "",
            "secondary_dfs_internet_endpoint": "",
            "secondary_dfs_internet_host": "",
            "secondary_dfs_microsoft_endpoint": "",
            "secondary_dfs_microsoft_host": "",
            "secondary_file_endpoint": "",
            "secondary_file_host": "",
            "secondary_file_internet_endpoint": "",
            "secondary_file_internet_host": "",
            "secondary_file_microsoft_endpoint": "",
            "secondary_file_microsoft_host": "",
            "secondary_location": "",
            "secondary_queue_endpoint": "",
            "secondary_queue_host": "",
            "secondary_queue_microsoft_endpoint": "",
            "secondary_queue_microsoft_host": "",
            "secondary_table_endpoint": "",
            "secondary_table_host": "",
            "secondary_table_microsoft_endpoint": "",
            "secondary_table_microsoft_host": "",
            "secondary_web_endpoint": "",
            "secondary_web_host": "",
            "secondary_web_internet_endpoint": "",
            "secondary_web_internet_host": "",
            "secondary_web_microsoft_endpoint": "",
            "secondary_web_microsoft_host": "",
            "sftp_enabled": false,
            "share_properties": [
              {
                "cors_rule": [],
                "retention_policy": [
                  {
                    "days": 7
                  }
                ],
                "smb": []
              }
            ],
            "shared_access_key_enabled": true,
            "static_website": [],
            "table_encryption_key_type": "Service",
            "tags": {
              "Assignment": "CCGC 5502 Automation Assignment",
              "Environment": "Learning",
              "ExpirationDate": "2024-12-31",
              "Name": "Ramya Malikereddy"
            },
            "timeouts": null
          },
          "sensitive_attributes": [
            [
              {
                "type": "get_attr",
                "value": "secondary_access_key"
              }
            ],
            [
              {
                "type": "get_attr",
                "value": "primary_connection_string"
              }
            ],
            [
              {
                "type": "get_attr",
                "value": "primary_access_key"
              }
            ],
            [
              {
                "type": "get_attr",
                "value": "secondary_connection_string"
              }
            ],
            [
              {
                "type": "get_attr",
                "value": "primary_blob_connection_string"
              }
            ],
            [
              {
                "type": "get_attr",
                "value": "secondary_blob_connection_string"
              }
            ]
          ],
          "private": "eyJlMmJmYjczMC1lY2FhLTExZTYtOGY4OC0zNDM2M2JjN2M0YzAiOnsiY3JlYXRlIjozNjAwMDAwMDAwMDAwLCJkZWxldGUiOjM2MDAwMDAwMDAwMDAsInJlYWQiOjMwMDAwMDAwMDAwMCwidXBkYXRlIjozNjAwMDAwMDAwMDAwfSwic2NoZW1hX3ZlcnNpb24iOiI0In0=",
          "dependencies": [
            "module.resource_group.azurerm_resource_group.rgroup-3241"
          ]
        }
      ]
    },
    {
      "module": "module.data_disk",
      "mode": "managed",
      "type": "azurerm_managed_disk",
      "name": "data_disk",
      "provider": "provider[\"registry.terraform.io/hashicorp/azurerm\"]",
      "instances": [
        {
          "index_key": 0,
          "schema_version": 1,
          "attributes": {
            "create_option": "Empty",
            "disk_access_id": "",
            "disk_encryption_set_id": "",
            "disk_iops_read_only": 0,
            "disk_iops_read_write": 500,
            "disk_mbps_read_only": 0,
            "disk_mbps_read_write": 60,
            "disk_size_gb": 10,
            "edge_zone": "",
            "encryption_settings": [],
            "gallery_image_reference_id": "",
            "hyper_v_generation": "",
            "id": "/subscriptions/1d212972-cba6-40f5-964a-e09a3321fc96/resourceGroups/n01653241-RG/providers/Microsoft.Compute/disks/0-data-disk",
            "image_reference_id": "",
            "location": "canadacentral",
            "logical_sector_size": null,
            "max_shares": 0,
            "name": "0-data-disk",
            "network_access_policy": null,
            "on_demand_bursting_enabled": false,
            "optimized_frequent_attach_enabled": false,
            "os_type": "",
            "performance_plus_enabled": false,
            "public_network_access_enabled": true,
            "resource_group_name": "n01653241-RG",
            "secure_vm_disk_encryption_set_id": "",
            "security_type": "",
            "source_resource_id": "",
            "source_uri": "",
            "storage_account_id": "",
            "storage_account_type": "Standard_LRS",
            "tags": {
              "Assignment": "CCGC 5502 Automation Assignment",
              "Environment": "Learning",
              "ExpirationDate": "2024-12-31",
              "Name": "Ramya Malikereddy"
            },
            "tier": "",
            "timeouts": null,
            "trusted_launch_enabled": false,
            "upload_size_bytes": 0,
            "zone": ""
          },
          "sensitive_attributes": [],
          "private": "eyJlMmJmYjczMC1lY2FhLTExZTYtOGY4OC0zNDM2M2JjN2M0YzAiOnsiY3JlYXRlIjoxODAwMDAwMDAwMDAwLCJkZWxldGUiOjE4MDAwMDAwMDAwMDAsInJlYWQiOjMwMDAwMDAwMDAwMCwidXBkYXRlIjoxODAwMDAwMDAwMDAwfSwic2NoZW1hX3ZlcnNpb24iOiIxIn0=",
          "dependencies": [
            "module.common_services.azurerm_storage_account.standard_storage-3241",
            "module.linux_vm.azurerm_availability_set.as-3241",
            "module.linux_vm.azurerm_linux_virtual_machine.vmlinux",
            "module.linux_vm.azurerm_network_interface.NI",
            "module.linux_vm.azurerm_public_ip.pub_ip",
            "module.networking.azurerm_subnet.subnet-3241",
            "module.networking.azurerm_virtual_network.network-3241",
            "module.resource_group.azurerm_resource_group.rgroup-3241",
            "module.windows_vm.azurerm_availability_set.windows_availability_set",
            "module.windows_vm.azurerm_network_interface.windows_nic",
            "module.windows_vm.azurerm_public_ip.windows_public_ip",
            "module.windows_vm.azurerm_windows_virtual_machine.windows_vm",
            "module.windows_vm.random_pet.dns_suffix"
          ]
        },
        {
          "index_key": 1,
          "schema_version": 1,
          "attributes": {
            "create_option": "Empty",
            "disk_access_id": "",
            "disk_encryption_set_id": "",
            "disk_iops_read_only": 0,
            "disk_iops_read_write": 500,
            "disk_mbps_read_only": 0,
            "disk_mbps_read_write": 60,
            "disk_size_gb": 10,
            "edge_zone": "",
            "encryption_settings": [],
            "gallery_image_reference_id": "",
            "hyper_v_generation": "",
            "id": "/subscriptions/1d212972-cba6-40f5-964a-e09a3321fc96/resourceGroups/n01653241-RG/providers/Microsoft.Compute/disks/1-data-disk",
            "image_reference_id": "",
            "location": "canadacentral",
            "logical_sector_size": null,
            "max_shares": 0,
            "name": "1-data-disk",
            "network_access_policy": null,
            "on_demand_bursting_enabled": false,
            "optimized_frequent_attach_enabled": false,
            "os_type": "",
            "performance_plus_enabled": false,
            "public_network_access_enabled": true,
            "resource_group_name": "n01653241-RG",
            "secure_vm_disk_encryption_set_id": "",
            "security_type": "",
            "source_resource_id": "",
            "source_uri": "",
            "storage_account_id": "",
            "storage_account_type": "Standard_LRS",
            "tags": {
              "Assignment": "CCGC 5502 Automation Assignment",
              "Environment": "Learning",
              "ExpirationDate": "2024-12-31",
              "Name": "Ramya Malikereddy"
            },
            "tier": "",
            "timeouts": null,
            "trusted_launch_enabled": false,
            "upload_size_bytes": 0,
            "zone": ""
          },
          "sensitive_attributes": [],
          "private": "eyJlMmJmYjczMC1lY2FhLTExZTYtOGY4OC0zNDM2M2JjN2M0YzAiOnsiY3JlYXRlIjoxODAwMDAwMDAwMDAwLCJkZWxldGUiOjE4MDAwMDAwMDAwMDAsInJlYWQiOjMwMDAwMDAwMDAwMCwidXBkYXRlIjoxODAwMDAwMDAwMDAwfSwic2NoZW1hX3ZlcnNpb24iOiIxIn0=",
          "dependencies": [
            "module.common_services.azurerm_storage_account.standard_storage-3241",
            "module.linux_vm.azurerm_availability_set.as-3241",
            "module.linux_vm.azurerm_linux_virtual_machine.vmlinux",
            "module.linux_vm.azurerm_network_interface.NI",
            "module.linux_vm.azurerm_public_ip.pub_ip",
            "module.networking.azurerm_subnet.subnet-3241",
            "module.networking.azurerm_virtual_network.network-3241",
            "module.resource_group.azurerm_resource_group.rgroup-3241",
            "module.windows_vm.azurerm_availability_set.windows_availability_set",
            "module.windows_vm.azurerm_network_interface.windows_nic",
            "module.windows_vm.azurerm_public_ip.windows_public_ip",
            "module.windows_vm.azurerm_windows_virtual_machine.windows_vm",
            "module.windows_vm.random_pet.dns_suffix"
          ]
        },
        {
          "index_key": 2,
          "schema_version": 1,
          "attributes": {
            "create_option": "Empty",
            "disk_access_id": "",
            "disk_encryption_set_id": "",
            "disk_iops_read_only": 0,
            "disk_iops_read_write": 500,
            "disk_mbps_read_only": 0,
            "disk_mbps_read_write": 60,
            "disk_size_gb": 10,
            "edge_zone": "",
            "encryption_settings": [],
            "gallery_image_reference_id": "",
            "hyper_v_generation": "",
            "id": "/subscriptions/1d212972-cba6-40f5-964a-e09a3321fc96/resourceGroups/n01653241-RG/providers/Microsoft.Compute/disks/2-data-disk",
            "image_reference_id": "",
            "location": "canadacentral",
            "logical_sector_size": null,
            "max_shares": 0,
            "name": "2-data-disk",
            "network_access_policy": null,
            "on_demand_bursting_enabled": false,
            "optimized_frequent_attach_enabled": false,
            "os_type": "",
            "performance_plus_enabled": false,
            "public_network_access_enabled": true,
            "resource_group_name": "n01653241-RG",
            "secure_vm_disk_encryption_set_id": "",
            "security_type": "",
            "source_resource_id": "",
            "source_uri": "",
            "storage_account_id": "",
            "storage_account_type": "Standard_LRS",
            "tags": {
              "Assignment": "CCGC 5502 Automation Assignment",
              "Environment": "Learning",
              "ExpirationDate": "2024-12-31",
              "Name": "Ramya Malikereddy"
            },
            "tier": "",
            "timeouts": null,
            "trusted_launch_enabled": false,
            "upload_size_bytes": 0,
            "zone": ""
          },
          "sensitive_attributes": [],
          "private": "eyJlMmJmYjczMC1lY2FhLTExZTYtOGY4OC0zNDM2M2JjN2M0YzAiOnsiY3JlYXRlIjoxODAwMDAwMDAwMDAwLCJkZWxldGUiOjE4MDAwMDAwMDAwMDAsInJlYWQiOjMwMDAwMDAwMDAwMCwidXBkYXRlIjoxODAwMDAwMDAwMDAwfSwic2NoZW1hX3ZlcnNpb24iOiIxIn0=",
          "dependencies": [
            "module.common_services.azurerm_storage_account.standard_storage-3241",
            "module.linux_vm.azurerm_availability_set.as-3241",
            "module.linux_vm.azurerm_linux_virtual_machine.vmlinux",
            "module.linux_vm.azurerm_network_interface.NI",
            "module.linux_vm.azurerm_public_ip.pub_ip",
            "module.networking.azurerm_subnet.subnet-3241",
            "module.networking.azurerm_virtual_network.network-3241",
            "module.resource_group.azurerm_resource_group.rgroup-3241",
            "module.windows_vm.azurerm_availability_set.windows_availability_set",
            "module.windows_vm.azurerm_network_interface.windows_nic",
            "module.windows_vm.azurerm_public_ip.windows_public_ip",
            "module.windows_vm.azurerm_windows_virtual_machine.windows_vm",
            "module.windows_vm.random_pet.dns_suffix"
          ]
        },
        {
          "index_key": 3,
          "schema_version": 1,
          "attributes": {
            "create_option": "Empty",
            "disk_access_id": "",
            "disk_encryption_set_id": "",
            "disk_iops_read_only": 0,
            "disk_iops_read_write": 500,
            "disk_mbps_read_only": 0,
            "disk_mbps_read_write": 60,
            "disk_size_gb": 10,
            "edge_zone": "",
            "encryption_settings": [],
            "gallery_image_reference_id": "",
            "hyper_v_generation": "",
            "id": "/subscriptions/1d212972-cba6-40f5-964a-e09a3321fc96/resourceGroups/n01653241-RG/providers/Microsoft.Compute/disks/3-data-disk",
            "image_reference_id": "",
            "location": "canadacentral",
            "logical_sector_size": null,
            "max_shares": 0,
            "name": "3-data-disk",
            "network_access_policy": null,
            "on_demand_bursting_enabled": false,
            "optimized_frequent_attach_enabled": false,
            "os_type": "",
            "performance_plus_enabled": false,
            "public_network_access_enabled": true,
            "resource_group_name": "n01653241-RG",
            "secure_vm_disk_encryption_set_id": "",
            "security_type": "",
            "source_resource_id": "",
            "source_uri": "",
            "storage_account_id": "",
            "storage_account_type": "Standard_LRS",
            "tags": {
              "Assignment": "CCGC 5502 Automation Assignment",
              "Environment": "Learning",
              "ExpirationDate": "2024-12-31",
              "Name": "Ramya Malikereddy"
            },
            "tier": "",
            "timeouts": null,
            "trusted_launch_enabled": false,
            "upload_size_bytes": 0,
            "zone": ""
          },
          "sensitive_attributes": [],
          "private": "eyJlMmJmYjczMC1lY2FhLTExZTYtOGY4OC0zNDM2M2JjN2M0YzAiOnsiY3JlYXRlIjoxODAwMDAwMDAwMDAwLCJkZWxldGUiOjE4MDAwMDAwMDAwMDAsInJlYWQiOjMwMDAwMDAwMDAwMCwidXBkYXRlIjoxODAwMDAwMDAwMDAwfSwic2NoZW1hX3ZlcnNpb24iOiIxIn0=",
          "dependencies": [
            "module.common_services.azurerm_storage_account.standard_storage-3241",
            "module.linux_vm.azurerm_availability_set.as-3241",
            "module.linux_vm.azurerm_linux_virtual_machine.vmlinux",
            "module.linux_vm.azurerm_network_interface.NI",
            "module.linux_vm.azurerm_public_ip.pub_ip",
            "module.networking.azurerm_subnet.subnet-3241",
            "module.networking.azurerm_virtual_network.network-3241",
            "module.resource_group.azurerm_resource_group.rgroup-3241",
            "module.windows_vm.azurerm_availability_set.windows_availability_set",
            "module.windows_vm.azurerm_network_interface.windows_nic",
            "module.windows_vm.azurerm_public_ip.windows_public_ip",
            "module.windows_vm.azurerm_windows_virtual_machine.windows_vm",
            "module.windows_vm.random_pet.dns_suffix"
          ]
        }
      ]
    },
    {
      "module": "module.data_disk",
      "mode": "managed",
      "type": "azurerm_virtual_machine_data_disk_attachment",
      "name": "data_disk_attach",
      "provider": "provider[\"registry.terraform.io/hashicorp/azurerm\"]",
      "instances": [
        {
          "index_key": 0,
          "schema_version": 0,
          "attributes": {
            "caching": "ReadWrite",
            "create_option": "Attach",
            "id": "/subscriptions/1d212972-cba6-40f5-964a-e09a3321fc96/resourceGroups/n01653241-RG/providers/Microsoft.Compute/virtualMachines/windows-3241vm-windowsvm-1/dataDisks/1-data-disk",
            "lun": 0,
            "managed_disk_id": "/subscriptions/1d212972-cba6-40f5-964a-e09a3321fc96/resourceGroups/n01653241-RG/providers/Microsoft.Compute/disks/1-data-disk",
            "timeouts": null,
            "virtual_machine_id": "/subscriptions/1d212972-cba6-40f5-964a-e09a3321fc96/resourceGroups/n01653241-RG/providers/Microsoft.Compute/virtualMachines/windows-3241vm-windowsvm-1",
            "write_accelerator_enabled": false
          },
          "sensitive_attributes": [],
          "private": "eyJlMmJmYjczMC1lY2FhLTExZTYtOGY4OC0zNDM2M2JjN2M0YzAiOnsiY3JlYXRlIjoxODAwMDAwMDAwMDAwLCJkZWxldGUiOjE4MDAwMDAwMDAwMDAsInJlYWQiOjMwMDAwMDAwMDAwMCwidXBkYXRlIjoxODAwMDAwMDAwMDAwfX0=",
          "dependencies": [
            "module.common_services.azurerm_storage_account.standard_storage-3241",
            "module.data_disk.azurerm_managed_disk.data_disk",
            "module.linux_vm.azurerm_availability_set.as-3241",
            "module.linux_vm.azurerm_linux_virtual_machine.vmlinux",
            "module.linux_vm.azurerm_network_interface.NI",
            "module.linux_vm.azurerm_public_ip.pub_ip",
            "module.networking.azurerm_subnet.subnet-3241",
            "module.networking.azurerm_virtual_network.network-3241",
            "module.resource_group.azurerm_resource_group.rgroup-3241",
            "module.windows_vm.azurerm_availability_set.windows_availability_set",
            "module.windows_vm.azurerm_network_interface.windows_nic",
            "module.windows_vm.azurerm_public_ip.windows_public_ip",
            "module.windows_vm.azurerm_windows_virtual_machine.windows_vm",
            "module.windows_vm.random_pet.dns_suffix"
          ]
        },
        {
          "index_key": 1,
          "schema_version": 0,
          "attributes": {
            "caching": "ReadWrite",
            "create_option": "Attach",
            "id": "/subscriptions/1d212972-cba6-40f5-964a-e09a3321fc96/resourceGroups/n01653241-RG/providers/Microsoft.Compute/virtualMachines/linux-3241vm01-1/dataDisks/2-data-disk",
            "lun": 1,
            "managed_disk_id": "/subscriptions/1d212972-cba6-40f5-964a-e09a3321fc96/resourceGroups/n01653241-RG/providers/Microsoft.Compute/disks/2-data-disk",
            "timeouts": null,
            "virtual_machine_id": "/subscriptions/1d212972-cba6-40f5-964a-e09a3321fc96/resourceGroups/n01653241-RG/providers/Microsoft.Compute/virtualMachines/linux-3241vm01-1",
            "write_accelerator_enabled": false
          },
          "sensitive_attributes": [],
          "private": "eyJlMmJmYjczMC1lY2FhLTExZTYtOGY4OC0zNDM2M2JjN2M0YzAiOnsiY3JlYXRlIjoxODAwMDAwMDAwMDAwLCJkZWxldGUiOjE4MDAwMDAwMDAwMDAsInJlYWQiOjMwMDAwMDAwMDAwMCwidXBkYXRlIjoxODAwMDAwMDAwMDAwfX0=",
          "dependencies": [
            "module.common_services.azurerm_storage_account.standard_storage-3241",
            "module.data_disk.azurerm_managed_disk.data_disk",
            "module.linux_vm.azurerm_availability_set.as-3241",
            "module.linux_vm.azurerm_linux_virtual_machine.vmlinux",
            "module.linux_vm.azurerm_network_interface.NI",
            "module.linux_vm.azurerm_public_ip.pub_ip",
            "module.networking.azurerm_subnet.subnet-3241",
            "module.networking.azurerm_virtual_network.network-3241",
            "module.resource_group.azurerm_resource_group.rgroup-3241",
            "module.windows_vm.azurerm_availability_set.windows_availability_set",
            "module.windows_vm.azurerm_network_interface.windows_nic",
            "module.windows_vm.azurerm_public_ip.windows_public_ip",
            "module.windows_vm.azurerm_windows_virtual_machine.windows_vm",
            "module.windows_vm.random_pet.dns_suffix"
          ]
        },
        {
          "index_key": 2,
          "schema_version": 0,
          "attributes": {
            "caching": "ReadWrite",
            "create_option": "Attach",
            "id": "/subscriptions/1d212972-cba6-40f5-964a-e09a3321fc96/resourceGroups/n01653241-RG/providers/Microsoft.Compute/virtualMachines/linux-3241vm01-2/dataDisks/3-data-disk",
            "lun": 2,
            "managed_disk_id": "/subscriptions/1d212972-cba6-40f5-964a-e09a3321fc96/resourceGroups/n01653241-RG/providers/Microsoft.Compute/disks/3-data-disk",
            "timeouts": null,
            "virtual_machine_id": "/subscriptions/1d212972-cba6-40f5-964a-e09a3321fc96/resourceGroups/n01653241-RG/providers/Microsoft.Compute/virtualMachines/linux-3241vm01-2",
            "write_accelerator_enabled": false
          },
          "sensitive_attributes": [],
          "private": "eyJlMmJmYjczMC1lY2FhLTExZTYtOGY4OC0zNDM2M2JjN2M0YzAiOnsiY3JlYXRlIjoxODAwMDAwMDAwMDAwLCJkZWxldGUiOjE4MDAwMDAwMDAwMDAsInJlYWQiOjMwMDAwMDAwMDAwMCwidXBkYXRlIjoxODAwMDAwMDAwMDAwfX0=",
          "dependencies": [
            "module.common_services.azurerm_storage_account.standard_storage-3241",
            "module.data_disk.azurerm_managed_disk.data_disk",
            "module.linux_vm.azurerm_availability_set.as-3241",
            "module.linux_vm.azurerm_linux_virtual_machine.vmlinux",
            "module.linux_vm.azurerm_network_interface.NI",
            "module.linux_vm.azurerm_public_ip.pub_ip",
            "module.networking.azurerm_subnet.subnet-3241",
            "module.networking.azurerm_virtual_network.network-3241",
            "module.resource_group.azurerm_resource_group.rgroup-3241",
            "module.windows_vm.azurerm_availability_set.windows_availability_set",
            "module.windows_vm.azurerm_network_interface.windows_nic",
            "module.windows_vm.azurerm_public_ip.windows_public_ip",
            "module.windows_vm.azurerm_windows_virtual_machine.windows_vm",
            "module.windows_vm.random_pet.dns_suffix"
          ]
        },
        {
          "index_key": 3,
          "schema_version": 0,
          "attributes": {
            "caching": "ReadWrite",
            "create_option": "Attach",
            "id": "/subscriptions/1d212972-cba6-40f5-964a-e09a3321fc96/resourceGroups/n01653241-RG/providers/Microsoft.Compute/virtualMachines/linux-3241vm01-3/dataDisks/0-data-disk",
            "lun": 3,
            "managed_disk_id": "/subscriptions/1d212972-cba6-40f5-964a-e09a3321fc96/resourceGroups/n01653241-RG/providers/Microsoft.Compute/disks/0-data-disk",
            "timeouts": null,
            "virtual_machine_id": "/subscriptions/1d212972-cba6-40f5-964a-e09a3321fc96/resourceGroups/n01653241-RG/providers/Microsoft.Compute/virtualMachines/linux-3241vm01-3",
            "write_accelerator_enabled": false
          },
          "sensitive_attributes": [],
          "private": "eyJlMmJmYjczMC1lY2FhLTExZTYtOGY4OC0zNDM2M2JjN2M0YzAiOnsiY3JlYXRlIjoxODAwMDAwMDAwMDAwLCJkZWxldGUiOjE4MDAwMDAwMDAwMDAsInJlYWQiOjMwMDAwMDAwMDAwMCwidXBkYXRlIjoxODAwMDAwMDAwMDAwfX0=",
          "dependencies": [
            "module.common_services.azurerm_storage_account.standard_storage-3241",
            "module.data_disk.azurerm_managed_disk.data_disk",
            "module.linux_vm.azurerm_availability_set.as-3241",
            "module.linux_vm.azurerm_linux_virtual_machine.vmlinux",
            "module.linux_vm.azurerm_network_interface.NI",
            "module.linux_vm.azurerm_public_ip.pub_ip",
            "module.networking.azurerm_subnet.subnet-3241",
            "module.networking.azurerm_virtual_network.network-3241",
            "module.resource_group.azurerm_resource_group.rgroup-3241",
            "module.windows_vm.azurerm_availability_set.windows_availability_set",
            "module.windows_vm.azurerm_network_interface.windows_nic",
            "module.windows_vm.azurerm_public_ip.windows_public_ip",
            "module.windows_vm.azurerm_windows_virtual_machine.windows_vm",
            "module.windows_vm.random_pet.dns_suffix"
          ]
        }
      ]
    },
    {
      "module": "module.linux_vm",
      "mode": "managed",
      "type": "azurerm_availability_set",
      "name": "as-3241",
      "provider": "provider[\"registry.terraform.io/hashicorp/azurerm\"]",
      "instances": [
        {
          "schema_version": 0,
          "attributes": {
            "id": "/subscriptions/1d212972-cba6-40f5-964a-e09a3321fc96/resourceGroups/n01653241-RG/providers/Microsoft.Compute/availabilitySets/linux-availability-set",
            "location": "canadacentral",
            "managed": true,
            "name": "linux-availability-set",
            "platform_fault_domain_count": 2,
            "platform_update_domain_count": 5,
            "proximity_placement_group_id": null,
            "resource_group_name": "n01653241-RG",
            "tags": {
              "Assignment": "CCGC 5502 Automation Assignment",
              "Environment": "Learning",
              "ExpirationDate": "2024-12-31",
              "Name": "Ramya Malikereddy"
            },
            "timeouts": null
          },
          "sensitive_attributes": [],
          "private": "eyJlMmJmYjczMC1lY2FhLTExZTYtOGY4OC0zNDM2M2JjN2M0YzAiOnsiY3JlYXRlIjoxODAwMDAwMDAwMDAwLCJkZWxldGUiOjE4MDAwMDAwMDAwMDAsInJlYWQiOjMwMDAwMDAwMDAwMCwidXBkYXRlIjoxODAwMDAwMDAwMDAwfX0=",
          "dependencies": [
            "module.resource_group.azurerm_resource_group.rgroup-3241"
          ]
        }
      ]
    },
    {
      "module": "module.linux_vm",
      "mode": "managed",
      "type": "azurerm_linux_virtual_machine",
      "name": "vmlinux",
      "provider": "provider[\"registry.terraform.io/hashicorp/azurerm\"]",
      "instances": [
        {
          "index_key": 0,
          "schema_version": 0,
          "attributes": {
            "additional_capabilities": [],
            "admin_password": null,
            "admin_ssh_key": [
              {
                "public_key": "ssh-rsa AAAAB3NzaC1yc2EAAAADAQABAAABgQDOyjQI7a37bpN/jzKRfVA4mT2i7la2H6KgFR7pj1xFYQ6pf1PYtHOMiCYeBVatzQ5JYzv6w75VYj59gvQjk8qfWt3ZReCytl8IoGEqH7UyqJJH2lAaePwK1yAYL2MBQchg1uRE9UfgvOHm23qEiiz4w+aIWTq5kk6yJQ6vSwdy+FRw4B4ttaMImrhnngW2VVvYqDxokA2B9HlQ7kovnumFyxjVvKS25KQDB7buXX+O49Eqnee1U3/LaNDcTRHZ60xl0ne4Aa15y7dW1sYkYSilzzRTbLZXS4g+16wYuwbb6tLRbjd06pRLgYpKp7nDYZrzB38y7b3ph1wEUNYIxLBOUUNEWFE45SiIbI5RDyhsW/hQMlCuB89xzqSolq0oToMfzT9vYNhFSMuO1qQMbamLGq/0H9iPhZt3V2BYZ3VCUOFiRQZQx7ElfmADk2Q/DhtUmpDv9ZjIxYyLnCUmJxrt3wMJ/6B/ObBhXbBAqzL4ZLFbpPTebmPvHhuGgT1FEtU= N01653241@RamyaReddy\n",
                "username": "ramya-n01653241"
              }
            ],
            "admin_username": "ramya-n01653241",
            "allow_extension_operations": true,
            "availability_set_id": "/subscriptions/1d212972-cba6-40f5-964a-e09a3321fc96/resourceGroups/n01653241-RG/providers/Microsoft.Compute/availabilitySets/LINUX-AVAILABILITY-SET",
            "boot_diagnostics": [
              {
                "storage_account_uri": "https://ramyastorage3241.blob.core.windows.net/"
              }
            ],
            "bypass_platform_safety_checks_on_user_schedule_enabled": false,
            "capacity_reservation_group_id": "",
            "computer_name": "linux-3241vm01-1",
            "custom_data": null,
            "dedicated_host_group_id": "",
            "dedicated_host_id": "",
            "disable_password_authentication": true,
            "disk_controller_type": "",
            "edge_zone": "",
            "encryption_at_host_enabled": false,
            "eviction_policy": "",
            "extensions_time_budget": "PT1H30M",
            "gallery_application": [],
            "id": "/subscriptions/1d212972-cba6-40f5-964a-e09a3321fc96/resourceGroups/n01653241-RG/providers/Microsoft.Compute/virtualMachines/linux-3241vm01-1",
            "identity": [],
            "license_type": "",
            "location": "canadacentral",
            "max_bid_price": -1,
            "name": "linux-3241vm01-1",
            "network_interface_ids": [
              "/subscriptions/1d212972-cba6-40f5-964a-e09a3321fc96/resourceGroups/n01653241-RG/providers/Microsoft.Network/networkInterfaces/linux-3241vm01-nic-2"
            ],
            "os_disk": [
              {
                "caching": "ReadWrite",
                "diff_disk_settings": [],
                "disk_encryption_set_id": "",
                "disk_size_gb": 32,
                "name": "linux-3241vm01-osdisk-1",
                "secure_vm_disk_encryption_set_id": "",
                "security_encryption_type": "",
                "storage_account_type": "Standard_LRS",
                "write_accelerator_enabled": false
              }
            ],
            "os_image_notification": [],
            "patch_assessment_mode": "ImageDefault",
            "patch_mode": "ImageDefault",
            "plan": [],
            "platform_fault_domain": -1,
            "priority": "Regular",
            "private_ip_address": "10.0.0.5",
            "private_ip_addresses": [
              "10.0.0.5"
            ],
            "provision_vm_agent": true,
            "proximity_placement_group_id": "",
            "public_ip_address": "4.206.109.182",
            "public_ip_addresses": [
              "4.206.109.182"
            ],
            "reboot_setting": "",
            "resource_group_name": "n01653241-RG",
            "secret": [],
            "secure_boot_enabled": false,
            "size": "Standard_B1s",
            "source_image_id": "",
            "source_image_reference": [
              {
                "offer": "CentOS",
                "publisher": "OpenLogic",
                "sku": "8_2",
                "version": "latest"
              }
            ],
            "tags": {
              "Assignment": "CCGC 5502 Automation Assignment",
              "Environment": "Learning",
              "ExpirationDate": "2024-12-31",
              "Name": "Ramya Malikereddy"
            },
            "termination_notification": [],
            "timeouts": null,
            "user_data": "",
            "virtual_machine_id": "cd2cfcbd-ec9a-4170-b30c-4f07b99ec9ef",
            "virtual_machine_scale_set_id": "",
            "vm_agent_platform_updates_enabled": false,
            "vtpm_enabled": false,
            "zone": ""
          },
          "sensitive_attributes": [
            [
              {
                "type": "get_attr",
                "value": "admin_password"
              }
            ],
            [
              {
                "type": "get_attr",
                "value": "custom_data"
              }
            ]
          ],
          "private": "eyJlMmJmYjczMC1lY2FhLTExZTYtOGY4OC0zNDM2M2JjN2M0YzAiOnsiY3JlYXRlIjoyNzAwMDAwMDAwMDAwLCJkZWxldGUiOjI3MDAwMDAwMDAwMDAsInJlYWQiOjMwMDAwMDAwMDAwMCwidXBkYXRlIjoyNzAwMDAwMDAwMDAwfX0=",
          "dependencies": [
            "module.common_services.azurerm_storage_account.standard_storage-3241",
            "module.linux_vm.azurerm_availability_set.as-3241",
            "module.linux_vm.azurerm_network_interface.NI",
            "module.linux_vm.azurerm_public_ip.pub_ip",
            "module.networking.azurerm_subnet.subnet-3241",
            "module.networking.azurerm_virtual_network.network-3241",
            "module.resource_group.azurerm_resource_group.rgroup-3241"
          ]
        },
        {
          "index_key": 1,
          "schema_version": 0,
          "attributes": {
            "additional_capabilities": [],
            "admin_password": null,
            "admin_ssh_key": [
              {
                "public_key": "ssh-rsa AAAAB3NzaC1yc2EAAAADAQABAAABgQDOyjQI7a37bpN/jzKRfVA4mT2i7la2H6KgFR7pj1xFYQ6pf1PYtHOMiCYeBVatzQ5JYzv6w75VYj59gvQjk8qfWt3ZReCytl8IoGEqH7UyqJJH2lAaePwK1yAYL2MBQchg1uRE9UfgvOHm23qEiiz4w+aIWTq5kk6yJQ6vSwdy+FRw4B4ttaMImrhnngW2VVvYqDxokA2B9HlQ7kovnumFyxjVvKS25KQDB7buXX+O49Eqnee1U3/LaNDcTRHZ60xl0ne4Aa15y7dW1sYkYSilzzRTbLZXS4g+16wYuwbb6tLRbjd06pRLgYpKp7nDYZrzB38y7b3ph1wEUNYIxLBOUUNEWFE45SiIbI5RDyhsW/hQMlCuB89xzqSolq0oToMfzT9vYNhFSMuO1qQMbamLGq/0H9iPhZt3V2BYZ3VCUOFiRQZQx7ElfmADk2Q/DhtUmpDv9ZjIxYyLnCUmJxrt3wMJ/6B/ObBhXbBAqzL4ZLFbpPTebmPvHhuGgT1FEtU= N01653241@RamyaReddy\n",
                "username": "ramya-n01653241"
              }
            ],
            "admin_username": "ramya-n01653241",
            "allow_extension_operations": true,
            "availability_set_id": "/subscriptions/1d212972-cba6-40f5-964a-e09a3321fc96/resourceGroups/n01653241-RG/providers/Microsoft.Compute/availabilitySets/LINUX-AVAILABILITY-SET",
            "boot_diagnostics": [
              {
                "storage_account_uri": "https://ramyastorage3241.blob.core.windows.net/"
              }
            ],
            "bypass_platform_safety_checks_on_user_schedule_enabled": false,
            "capacity_reservation_group_id": "",
            "computer_name": "linux-3241vm01-2",
            "custom_data": null,
            "dedicated_host_group_id": "",
            "dedicated_host_id": "",
            "disable_password_authentication": true,
            "disk_controller_type": "",
            "edge_zone": "",
            "encryption_at_host_enabled": false,
            "eviction_policy": "",
            "extensions_time_budget": "PT1H30M",
            "gallery_application": [],
            "id": "/subscriptions/1d212972-cba6-40f5-964a-e09a3321fc96/resourceGroups/n01653241-RG/providers/Microsoft.Compute/virtualMachines/linux-3241vm01-2",
            "identity": [],
            "license_type": "",
            "location": "canadacentral",
            "max_bid_price": -1,
            "name": "linux-3241vm01-2",
            "network_interface_ids": [
              "/subscriptions/1d212972-cba6-40f5-964a-e09a3321fc96/resourceGroups/n01653241-RG/providers/Microsoft.Network/networkInterfaces/linux-3241vm01-nic-3"
            ],
            "os_disk": [
              {
                "caching": "ReadWrite",
                "diff_disk_settings": [],
                "disk_encryption_set_id": "",
                "disk_size_gb": 32,
                "name": "linux-3241vm01-osdisk-2",
                "secure_vm_disk_encryption_set_id": "",
                "security_encryption_type": "",
                "storage_account_type": "Standard_LRS",
                "write_accelerator_enabled": false
              }
            ],
            "os_image_notification": [],
            "patch_assessment_mode": "ImageDefault",
            "patch_mode": "ImageDefault",
            "plan": [],
            "platform_fault_domain": -1,
            "priority": "Regular",
            "private_ip_address": "10.0.0.7",
            "private_ip_addresses": [
              "10.0.0.7"
            ],
            "provision_vm_agent": true,
            "proximity_placement_group_id": "",
            "public_ip_address": "4.206.109.175",
            "public_ip_addresses": [
              "4.206.109.175"
            ],
            "reboot_setting": "",
            "resource_group_name": "n01653241-RG",
            "secret": [],
            "secure_boot_enabled": false,
            "size": "Standard_B1s",
            "source_image_id": "",
            "source_image_reference": [
              {
                "offer": "CentOS",
                "publisher": "OpenLogic",
                "sku": "8_2",
                "version": "latest"
              }
            ],
            "tags": {
              "Assignment": "CCGC 5502 Automation Assignment",
              "Environment": "Learning",
              "ExpirationDate": "2024-12-31",
              "Name": "Ramya Malikereddy"
            },
            "termination_notification": [],
            "timeouts": null,
            "user_data": "",
            "virtual_machine_id": "653bf5a2-496e-4356-a449-863e87075c8c",
            "virtual_machine_scale_set_id": "",
            "vm_agent_platform_updates_enabled": false,
            "vtpm_enabled": false,
            "zone": ""
          },
          "sensitive_attributes": [
            [
              {
                "type": "get_attr",
                "value": "admin_password"
              }
            ],
            [
              {
                "type": "get_attr",
                "value": "custom_data"
              }
            ]
          ],
          "private": "eyJlMmJmYjczMC1lY2FhLTExZTYtOGY4OC0zNDM2M2JjN2M0YzAiOnsiY3JlYXRlIjoyNzAwMDAwMDAwMDAwLCJkZWxldGUiOjI3MDAwMDAwMDAwMDAsInJlYWQiOjMwMDAwMDAwMDAwMCwidXBkYXRlIjoyNzAwMDAwMDAwMDAwfX0=",
          "dependencies": [
            "module.common_services.azurerm_storage_account.standard_storage-3241",
            "module.linux_vm.azurerm_availability_set.as-3241",
            "module.linux_vm.azurerm_network_interface.NI",
            "module.linux_vm.azurerm_public_ip.pub_ip",
            "module.networking.azurerm_subnet.subnet-3241",
            "module.networking.azurerm_virtual_network.network-3241",
            "module.resource_group.azurerm_resource_group.rgroup-3241"
          ]
        },
        {
          "index_key": 2,
          "schema_version": 0,
          "attributes": {
            "additional_capabilities": [],
            "admin_password": null,
            "admin_ssh_key": [
              {
                "public_key": "ssh-rsa AAAAB3NzaC1yc2EAAAADAQABAAABgQDOyjQI7a37bpN/jzKRfVA4mT2i7la2H6KgFR7pj1xFYQ6pf1PYtHOMiCYeBVatzQ5JYzv6w75VYj59gvQjk8qfWt3ZReCytl8IoGEqH7UyqJJH2lAaePwK1yAYL2MBQchg1uRE9UfgvOHm23qEiiz4w+aIWTq5kk6yJQ6vSwdy+FRw4B4ttaMImrhnngW2VVvYqDxokA2B9HlQ7kovnumFyxjVvKS25KQDB7buXX+O49Eqnee1U3/LaNDcTRHZ60xl0ne4Aa15y7dW1sYkYSilzzRTbLZXS4g+16wYuwbb6tLRbjd06pRLgYpKp7nDYZrzB38y7b3ph1wEUNYIxLBOUUNEWFE45SiIbI5RDyhsW/hQMlCuB89xzqSolq0oToMfzT9vYNhFSMuO1qQMbamLGq/0H9iPhZt3V2BYZ3VCUOFiRQZQx7ElfmADk2Q/DhtUmpDv9ZjIxYyLnCUmJxrt3wMJ/6B/ObBhXbBAqzL4ZLFbpPTebmPvHhuGgT1FEtU= N01653241@RamyaReddy\n",
                "username": "ramya-n01653241"
              }
            ],
            "admin_username": "ramya-n01653241",
            "allow_extension_operations": true,
            "availability_set_id": "/subscriptions/1d212972-cba6-40f5-964a-e09a3321fc96/resourceGroups/n01653241-RG/providers/Microsoft.Compute/availabilitySets/LINUX-AVAILABILITY-SET",
            "boot_diagnostics": [
              {
                "storage_account_uri": "https://ramyastorage3241.blob.core.windows.net/"
              }
            ],
            "bypass_platform_safety_checks_on_user_schedule_enabled": false,
            "capacity_reservation_group_id": "",
            "computer_name": "linux-3241vm01-3",
            "custom_data": null,
            "dedicated_host_group_id": "",
            "dedicated_host_id": "",
            "disable_password_authentication": true,
            "disk_controller_type": "",
            "edge_zone": "",
            "encryption_at_host_enabled": false,
            "eviction_policy": "",
            "extensions_time_budget": "PT1H30M",
            "gallery_application": [],
            "id": "/subscriptions/1d212972-cba6-40f5-964a-e09a3321fc96/resourceGroups/n01653241-RG/providers/Microsoft.Compute/virtualMachines/linux-3241vm01-3",
            "identity": [],
            "license_type": "",
            "location": "canadacentral",
            "max_bid_price": -1,
            "name": "linux-3241vm01-3",
            "network_interface_ids": [
              "/subscriptions/1d212972-cba6-40f5-964a-e09a3321fc96/resourceGroups/n01653241-RG/providers/Microsoft.Network/networkInterfaces/linux-3241vm01-nic-1"
            ],
            "os_disk": [
              {
                "caching": "ReadWrite",
                "diff_disk_settings": [],
                "disk_encryption_set_id": "",
                "disk_size_gb": 32,
                "name": "linux-3241vm01-osdisk-3",
                "secure_vm_disk_encryption_set_id": "",
                "security_encryption_type": "",
                "storage_account_type": "Standard_LRS",
                "write_accelerator_enabled": false
              }
            ],
            "os_image_notification": [],
            "patch_assessment_mode": "ImageDefault",
            "patch_mode": "ImageDefault",
            "plan": [],
            "platform_fault_domain": -1,
            "priority": "Regular",
            "private_ip_address": "10.0.0.4",
            "private_ip_addresses": [
              "10.0.0.4"
            ],
            "provision_vm_agent": true,
            "proximity_placement_group_id": "",
            "public_ip_address": "4.206.109.177",
            "public_ip_addresses": [
              "4.206.109.177"
            ],
            "reboot_setting": "",
            "resource_group_name": "n01653241-RG",
            "secret": [],
            "secure_boot_enabled": false,
            "size": "Standard_B1s",
            "source_image_id": "",
            "source_image_reference": [
              {
                "offer": "CentOS",
                "publisher": "OpenLogic",
                "sku": "8_2",
                "version": "latest"
              }
            ],
            "tags": {
              "Assignment": "CCGC 5502 Automation Assignment",
              "Environment": "Learning",
              "ExpirationDate": "2024-12-31",
              "Name": "Ramya Malikereddy"
            },
            "termination_notification": [],
            "timeouts": null,
            "user_data": "",
            "virtual_machine_id": "dcb4274e-52aa-4b99-a3ad-8b9d22839e52",
            "virtual_machine_scale_set_id": "",
            "vm_agent_platform_updates_enabled": false,
            "vtpm_enabled": false,
            "zone": ""
          },
          "sensitive_attributes": [
            [
              {
                "type": "get_attr",
                "value": "custom_data"
              }
            ],
            [
              {
                "type": "get_attr",
                "value": "admin_password"
              }
            ]
          ],
          "private": "eyJlMmJmYjczMC1lY2FhLTExZTYtOGY4OC0zNDM2M2JjN2M0YzAiOnsiY3JlYXRlIjoyNzAwMDAwMDAwMDAwLCJkZWxldGUiOjI3MDAwMDAwMDAwMDAsInJlYWQiOjMwMDAwMDAwMDAwMCwidXBkYXRlIjoyNzAwMDAwMDAwMDAwfX0=",
          "dependencies": [
            "module.common_services.azurerm_storage_account.standard_storage-3241",
            "module.linux_vm.azurerm_availability_set.as-3241",
            "module.linux_vm.azurerm_network_interface.NI",
            "module.linux_vm.azurerm_public_ip.pub_ip",
            "module.networking.azurerm_subnet.subnet-3241",
            "module.networking.azurerm_virtual_network.network-3241",
            "module.resource_group.azurerm_resource_group.rgroup-3241"
          ]
        }
      ]
    },
    {
      "module": "module.linux_vm",
      "mode": "managed",
      "type": "azurerm_network_interface",
      "name": "NI",
      "provider": "provider[\"registry.terraform.io/hashicorp/azurerm\"]",
      "instances": [
        {
          "index_key": 0,
          "schema_version": 0,
          "attributes": {
            "accelerated_networking_enabled": false,
            "applied_dns_servers": [],
            "auxiliary_mode": "",
            "auxiliary_sku": "",
            "dns_servers": [],
            "edge_zone": "",
            "enable_accelerated_networking": false,
            "enable_ip_forwarding": false,
            "id": "/subscriptions/1d212972-cba6-40f5-964a-e09a3321fc96/resourceGroups/n01653241-RG/providers/Microsoft.Network/networkInterfaces/linux-3241vm01-nic-1",
            "internal_dns_name_label": "",
            "internal_domain_name_suffix": "vk3lz0jcj10exiot4xrhdowe1b.ux.internal.cloudapp.net",
            "ip_configuration": [
              {
                "gateway_load_balancer_frontend_ip_configuration_id": "",
                "name": "linux-3241vm01-ipconfig-1",
                "primary": true,
                "private_ip_address": "10.0.0.4",
                "private_ip_address_allocation": "Dynamic",
                "private_ip_address_version": "IPv4",
                "public_ip_address_id": "/subscriptions/1d212972-cba6-40f5-964a-e09a3321fc96/resourceGroups/n01653241-RG/providers/Microsoft.Network/publicIPAddresses/linux-3241vm01-pip-2",
                "subnet_id": "/subscriptions/1d212972-cba6-40f5-964a-e09a3321fc96/resourceGroups/n01653241-RG/providers/Microsoft.Network/virtualNetworks/n01609484-vnet/subnets/n01609484-subnet"
              }
            ],
            "ip_forwarding_enabled": false,
            "location": "canadacentral",
            "mac_address": "60-45-BD-5B-90-7B",
            "name": "linux-3241vm01-nic-1",
            "private_ip_address": "10.0.0.4",
            "private_ip_addresses": [
              "10.0.0.4"
            ],
            "resource_group_name": "n01653241-RG",
            "tags": {
              "Assignment": "CCGC 5502 Automation Assignment",
              "Environment": "Learning",
              "ExpirationDate": "2024-12-31",
              "Name": "Ramya Malikereddy"
            },
            "timeouts": null,
            "virtual_machine_id": "/subscriptions/1d212972-cba6-40f5-964a-e09a3321fc96/resourceGroups/n01653241-RG/providers/Microsoft.Compute/virtualMachines/linux-3241vm01-3"
          },
          "sensitive_attributes": [],
          "private": "eyJlMmJmYjczMC1lY2FhLTExZTYtOGY4OC0zNDM2M2JjN2M0YzAiOnsiY3JlYXRlIjoxODAwMDAwMDAwMDAwLCJkZWxldGUiOjE4MDAwMDAwMDAwMDAsInJlYWQiOjMwMDAwMDAwMDAwMCwidXBkYXRlIjoxODAwMDAwMDAwMDAwfX0=",
          "dependencies": [
            "module.linux_vm.azurerm_public_ip.pub_ip",
            "module.networking.azurerm_subnet.subnet-3241",
            "module.networking.azurerm_virtual_network.network-3241",
            "module.resource_group.azurerm_resource_group.rgroup-3241"
          ]
        },
        {
          "index_key": 1,
          "schema_version": 0,
          "attributes": {
            "accelerated_networking_enabled": false,
            "applied_dns_servers": [],
            "auxiliary_mode": "",
            "auxiliary_sku": "",
            "dns_servers": [],
            "edge_zone": "",
            "enable_accelerated_networking": false,
            "enable_ip_forwarding": false,
            "id": "/subscriptions/1d212972-cba6-40f5-964a-e09a3321fc96/resourceGroups/n01653241-RG/providers/Microsoft.Network/networkInterfaces/linux-3241vm01-nic-2",
            "internal_dns_name_label": "",
            "internal_domain_name_suffix": "vk3lz0jcj10exiot4xrhdowe1b.ux.internal.cloudapp.net",
            "ip_configuration": [
              {
                "gateway_load_balancer_frontend_ip_configuration_id": "",
                "name": "linux-3241vm01-ipconfig-2",
                "primary": true,
                "private_ip_address": "10.0.0.5",
                "private_ip_address_allocation": "Dynamic",
                "private_ip_address_version": "IPv4",
                "public_ip_address_id": "/subscriptions/1d212972-cba6-40f5-964a-e09a3321fc96/resourceGroups/n01653241-RG/providers/Microsoft.Network/publicIPAddresses/linux-3241vm01-pip-3",
                "subnet_id": "/subscriptions/1d212972-cba6-40f5-964a-e09a3321fc96/resourceGroups/n01653241-RG/providers/Microsoft.Network/virtualNetworks/n01609484-vnet/subnets/n01609484-subnet"
              }
            ],
            "ip_forwarding_enabled": false,
            "location": "canadacentral",
            "mac_address": "60-45-BD-5B-97-F8",
            "name": "linux-3241vm01-nic-2",
            "private_ip_address": "10.0.0.5",
            "private_ip_addresses": [
              "10.0.0.5"
            ],
            "resource_group_name": "n01653241-RG",
            "tags": {
              "Assignment": "CCGC 5502 Automation Assignment",
              "Environment": "Learning",
              "ExpirationDate": "2024-12-31",
              "Name": "Ramya Malikereddy"
            },
            "timeouts": null,
            "virtual_machine_id": "/subscriptions/1d212972-cba6-40f5-964a-e09a3321fc96/resourceGroups/n01653241-RG/providers/Microsoft.Compute/virtualMachines/linux-3241vm01-1"
          },
          "sensitive_attributes": [],
          "private": "eyJlMmJmYjczMC1lY2FhLTExZTYtOGY4OC0zNDM2M2JjN2M0YzAiOnsiY3JlYXRlIjoxODAwMDAwMDAwMDAwLCJkZWxldGUiOjE4MDAwMDAwMDAwMDAsInJlYWQiOjMwMDAwMDAwMDAwMCwidXBkYXRlIjoxODAwMDAwMDAwMDAwfX0=",
          "dependencies": [
            "module.linux_vm.azurerm_public_ip.pub_ip",
            "module.networking.azurerm_subnet.subnet-3241",
            "module.networking.azurerm_virtual_network.network-3241",
            "module.resource_group.azurerm_resource_group.rgroup-3241"
          ]
        },
        {
          "index_key": 2,
          "schema_version": 0,
          "attributes": {
            "accelerated_networking_enabled": false,
            "applied_dns_servers": [],
            "auxiliary_mode": "",
            "auxiliary_sku": "",
            "dns_servers": [],
            "edge_zone": "",
            "enable_accelerated_networking": false,
            "enable_ip_forwarding": false,
            "id": "/subscriptions/1d212972-cba6-40f5-964a-e09a3321fc96/resourceGroups/n01653241-RG/providers/Microsoft.Network/networkInterfaces/linux-3241vm01-nic-3",
            "internal_dns_name_label": "",
            "internal_domain_name_suffix": "vk3lz0jcj10exiot4xrhdowe1b.ux.internal.cloudapp.net",
            "ip_configuration": [
              {
                "gateway_load_balancer_frontend_ip_configuration_id": "",
                "name": "linux-3241vm01-ipconfig-3",
                "primary": true,
                "private_ip_address": "10.0.0.7",
                "private_ip_address_allocation": "Dynamic",
                "private_ip_address_version": "IPv4",
                "public_ip_address_id": "/subscriptions/1d212972-cba6-40f5-964a-e09a3321fc96/resourceGroups/n01653241-RG/providers/Microsoft.Network/publicIPAddresses/linux-3241vm01-pip-1",
                "subnet_id": "/subscriptions/1d212972-cba6-40f5-964a-e09a3321fc96/resourceGroups/n01653241-RG/providers/Microsoft.Network/virtualNetworks/n01609484-vnet/subnets/n01609484-subnet"
              }
            ],
            "ip_forwarding_enabled": false,
            "location": "canadacentral",
            "mac_address": "60-45-BD-5B-9D-9C",
            "name": "linux-3241vm01-nic-3",
            "private_ip_address": "10.0.0.7",
            "private_ip_addresses": [
              "10.0.0.7"
            ],
            "resource_group_name": "n01653241-RG",
            "tags": {
              "Assignment": "CCGC 5502 Automation Assignment",
              "Environment": "Learning",
              "ExpirationDate": "2024-12-31",
              "Name": "Ramya Malikereddy"
            },
            "timeouts": null,
            "virtual_machine_id": "/subscriptions/1d212972-cba6-40f5-964a-e09a3321fc96/resourceGroups/n01653241-RG/providers/Microsoft.Compute/virtualMachines/linux-3241vm01-2"
          },
          "sensitive_attributes": [],
          "private": "eyJlMmJmYjczMC1lY2FhLTExZTYtOGY4OC0zNDM2M2JjN2M0YzAiOnsiY3JlYXRlIjoxODAwMDAwMDAwMDAwLCJkZWxldGUiOjE4MDAwMDAwMDAwMDAsInJlYWQiOjMwMDAwMDAwMDAwMCwidXBkYXRlIjoxODAwMDAwMDAwMDAwfX0=",
          "dependencies": [
            "module.linux_vm.azurerm_public_ip.pub_ip",
            "module.networking.azurerm_subnet.subnet-3241",
            "module.networking.azurerm_virtual_network.network-3241",
            "module.resource_group.azurerm_resource_group.rgroup-3241"
          ]
        }
      ]
    },
    {
      "module": "module.linux_vm",
      "mode": "managed",
      "type": "azurerm_public_ip",
      "name": "pub_ip",
      "provider": "provider[\"registry.terraform.io/hashicorp/azurerm\"]",
      "instances": [
        {
          "index_key": 0,
          "schema_version": 0,
          "attributes": {
            "allocation_method": "Dynamic",
            "ddos_protection_mode": "VirtualNetworkInherited",
            "ddos_protection_plan_id": null,
            "domain_name_label": "linux-3241vm01-dns-1",
            "edge_zone": "",
            "fqdn": "linux-3241vm01-dns-1.canadacentral.cloudapp.azure.com",
            "id": "/subscriptions/1d212972-cba6-40f5-964a-e09a3321fc96/resourceGroups/n01653241-RG/providers/Microsoft.Network/publicIPAddresses/linux-3241vm01-pip-1",
            "idle_timeout_in_minutes": 4,
            "ip_address": "4.206.109.175",
            "ip_tags": {},
            "ip_version": "IPv4",
            "location": "canadacentral",
            "name": "linux-3241vm01-pip-1",
            "public_ip_prefix_id": null,
            "resource_group_name": "n01653241-RG",
            "reverse_fqdn": "",
            "sku": "Basic",
            "sku_tier": "Regional",
            "tags": {
              "Assignment": "CCGC 5502 Automation Assignment",
              "Environment": "Learning",
              "ExpirationDate": "2024-12-31",
              "Name": "Ramya Malikereddy"
            },
            "timeouts": null,
            "zones": []
          },
          "sensitive_attributes": [],
          "private": "eyJlMmJmYjczMC1lY2FhLTExZTYtOGY4OC0zNDM2M2JjN2M0YzAiOnsiY3JlYXRlIjoxODAwMDAwMDAwMDAwLCJkZWxldGUiOjE4MDAwMDAwMDAwMDAsInJlYWQiOjMwMDAwMDAwMDAwMCwidXBkYXRlIjoxODAwMDAwMDAwMDAwfX0=",
          "dependencies": [
            "module.resource_group.azurerm_resource_group.rgroup-3241"
          ]
        },
        {
          "index_key": 1,
          "schema_version": 0,
          "attributes": {
            "allocation_method": "Dynamic",
            "ddos_protection_mode": "VirtualNetworkInherited",
            "ddos_protection_plan_id": null,
            "domain_name_label": "linux-3241vm01-dns-2",
            "edge_zone": "",
            "fqdn": "linux-3241vm01-dns-2.canadacentral.cloudapp.azure.com",
            "id": "/subscriptions/1d212972-cba6-40f5-964a-e09a3321fc96/resourceGroups/n01653241-RG/providers/Microsoft.Network/publicIPAddresses/linux-3241vm01-pip-2",
            "idle_timeout_in_minutes": 4,
            "ip_address": "4.206.109.177",
            "ip_tags": {},
            "ip_version": "IPv4",
            "location": "canadacentral",
            "name": "linux-3241vm01-pip-2",
            "public_ip_prefix_id": null,
            "resource_group_name": "n01653241-RG",
            "reverse_fqdn": "",
            "sku": "Basic",
            "sku_tier": "Regional",
            "tags": {
              "Assignment": "CCGC 5502 Automation Assignment",
              "Environment": "Learning",
              "ExpirationDate": "2024-12-31",
              "Name": "Ramya Malikereddy"
            },
            "timeouts": null,
            "zones": []
          },
          "sensitive_attributes": [],
          "private": "eyJlMmJmYjczMC1lY2FhLTExZTYtOGY4OC0zNDM2M2JjN2M0YzAiOnsiY3JlYXRlIjoxODAwMDAwMDAwMDAwLCJkZWxldGUiOjE4MDAwMDAwMDAwMDAsInJlYWQiOjMwMDAwMDAwMDAwMCwidXBkYXRlIjoxODAwMDAwMDAwMDAwfX0=",
          "dependencies": [
            "module.resource_group.azurerm_resource_group.rgroup-3241"
          ]
        },
        {
          "index_key": 2,
          "schema_version": 0,
          "attributes": {
            "allocation_method": "Dynamic",
            "ddos_protection_mode": "VirtualNetworkInherited",
            "ddos_protection_plan_id": null,
            "domain_name_label": "linux-3241vm01-dns-3",
            "edge_zone": "",
            "fqdn": "linux-3241vm01-dns-3.canadacentral.cloudapp.azure.com",
            "id": "/subscriptions/1d212972-cba6-40f5-964a-e09a3321fc96/resourceGroups/n01653241-RG/providers/Microsoft.Network/publicIPAddresses/linux-3241vm01-pip-3",
            "idle_timeout_in_minutes": 4,
            "ip_address": "4.206.109.182",
            "ip_tags": {},
            "ip_version": "IPv4",
            "location": "canadacentral",
            "name": "linux-3241vm01-pip-3",
            "public_ip_prefix_id": null,
            "resource_group_name": "n01653241-RG",
            "reverse_fqdn": "",
            "sku": "Basic",
            "sku_tier": "Regional",
            "tags": {
              "Assignment": "CCGC 5502 Automation Assignment",
              "Environment": "Learning",
              "ExpirationDate": "2024-12-31",
              "Name": "Ramya Malikereddy"
            },
            "timeouts": null,
            "zones": []
          },
          "sensitive_attributes": [],
          "private": "eyJlMmJmYjczMC1lY2FhLTExZTYtOGY4OC0zNDM2M2JjN2M0YzAiOnsiY3JlYXRlIjoxODAwMDAwMDAwMDAwLCJkZWxldGUiOjE4MDAwMDAwMDAwMDAsInJlYWQiOjMwMDAwMDAwMDAwMCwidXBkYXRlIjoxODAwMDAwMDAwMDAwfX0=",
          "dependencies": [
            "module.resource_group.azurerm_resource_group.rgroup-3241"
          ]
        }
      ]
    },
    {
      "module": "module.linux_vm",
      "mode": "managed",
      "type": "azurerm_virtual_machine_extension",
      "name": "azure_monitor",
      "provider": "provider[\"registry.terraform.io/hashicorp/azurerm\"]",
      "instances": [
        {
          "index_key": 0,
          "schema_version": 0,
          "attributes": {
            "auto_upgrade_minor_version": true,
            "automatic_upgrade_enabled": false,
            "failure_suppression_enabled": false,
            "id": "/subscriptions/1d212972-cba6-40f5-964a-e09a3321fc96/resourceGroups/n01653241-RG/providers/Microsoft.Compute/virtualMachines/linux-3241vm01-2/extensions/linux-3241vm01-azuremonitor-1",
            "name": "linux-3241vm01-azuremonitor-1",
            "protected_settings": null,
            "protected_settings_from_key_vault": [],
            "provision_after_extensions": [],
            "publisher": "Microsoft.Azure.Monitor",
            "settings": null,
            "tags": {
              "Assignment": "CCGC 5502 Automation Assignment",
              "Environment": "Learning",
              "ExpirationDate": "2024-12-31",
              "Name": "Ramya Malikereddy"
            },
            "timeouts": null,
            "type": "AzureMonitorLinuxAgent",
            "type_handler_version": "1.0",
            "virtual_machine_id": "/subscriptions/1d212972-cba6-40f5-964a-e09a3321fc96/resourceGroups/n01653241-RG/providers/Microsoft.Compute/virtualMachines/linux-3241vm01-2"
          },
          "sensitive_attributes": [
            [
              {
                "type": "get_attr",
                "value": "protected_settings"
              }
            ]
          ],
          "private": "eyJlMmJmYjczMC1lY2FhLTExZTYtOGY4OC0zNDM2M2JjN2M0YzAiOnsiY3JlYXRlIjoxODAwMDAwMDAwMDAwLCJkZWxldGUiOjE4MDAwMDAwMDAwMDAsInJlYWQiOjMwMDAwMDAwMDAwMCwidXBkYXRlIjoxODAwMDAwMDAwMDAwfX0=",
          "dependencies": [
            "module.common_services.azurerm_storage_account.standard_storage-3241",
            "module.linux_vm.azurerm_availability_set.as-3241",
            "module.linux_vm.azurerm_linux_virtual_machine.vmlinux",
            "module.linux_vm.azurerm_network_interface.NI",
            "module.linux_vm.azurerm_public_ip.pub_ip",
            "module.networking.azurerm_subnet.subnet-3241",
            "module.networking.azurerm_virtual_network.network-3241",
            "module.resource_group.azurerm_resource_group.rgroup-3241"
          ]
        },
        {
          "index_key": 1,
          "schema_version": 0,
          "attributes": {
            "auto_upgrade_minor_version": true,
            "automatic_upgrade_enabled": false,
            "failure_suppression_enabled": false,
            "id": "/subscriptions/1d212972-cba6-40f5-964a-e09a3321fc96/resourceGroups/n01653241-RG/providers/Microsoft.Compute/virtualMachines/linux-3241vm01-3/extensions/linux-3241vm01-azuremonitor-2",
            "name": "linux-3241vm01-azuremonitor-2",
            "protected_settings": null,
            "protected_settings_from_key_vault": [],
            "provision_after_extensions": [],
            "publisher": "Microsoft.Azure.Monitor",
            "settings": null,
            "tags": {
              "Assignment": "CCGC 5502 Automation Assignment",
              "Environment": "Learning",
              "ExpirationDate": "2024-12-31",
              "Name": "Ramya Malikereddy"
            },
            "timeouts": null,
            "type": "AzureMonitorLinuxAgent",
            "type_handler_version": "1.0",
            "virtual_machine_id": "/subscriptions/1d212972-cba6-40f5-964a-e09a3321fc96/resourceGroups/n01653241-RG/providers/Microsoft.Compute/virtualMachines/linux-3241vm01-3"
          },
          "sensitive_attributes": [
            [
              {
                "type": "get_attr",
                "value": "protected_settings"
              }
            ]
          ],
          "private": "eyJlMmJmYjczMC1lY2FhLTExZTYtOGY4OC0zNDM2M2JjN2M0YzAiOnsiY3JlYXRlIjoxODAwMDAwMDAwMDAwLCJkZWxldGUiOjE4MDAwMDAwMDAwMDAsInJlYWQiOjMwMDAwMDAwMDAwMCwidXBkYXRlIjoxODAwMDAwMDAwMDAwfX0=",
          "dependencies": [
            "module.common_services.azurerm_storage_account.standard_storage-3241",
            "module.linux_vm.azurerm_availability_set.as-3241",
            "module.linux_vm.azurerm_linux_virtual_machine.vmlinux",
            "module.linux_vm.azurerm_network_interface.NI",
            "module.linux_vm.azurerm_public_ip.pub_ip",
            "module.networking.azurerm_subnet.subnet-3241",
            "module.networking.azurerm_virtual_network.network-3241",
            "module.resource_group.azurerm_resource_group.rgroup-3241"
          ]
        },
        {
          "index_key": 2,
          "schema_version": 0,
          "attributes": {
            "auto_upgrade_minor_version": true,
            "automatic_upgrade_enabled": false,
            "failure_suppression_enabled": false,
            "id": "/subscriptions/1d212972-cba6-40f5-964a-e09a3321fc96/resourceGroups/n01653241-RG/providers/Microsoft.Compute/virtualMachines/linux-3241vm01-1/extensions/linux-3241vm01-azuremonitor-3",
            "name": "linux-3241vm01-azuremonitor-3",
            "protected_settings": null,
            "protected_settings_from_key_vault": [],
            "provision_after_extensions": [],
            "publisher": "Microsoft.Azure.Monitor",
            "settings": null,
            "tags": {
              "Assignment": "CCGC 5502 Automation Assignment",
              "Environment": "Learning",
              "ExpirationDate": "2024-12-31",
              "Name": "Ramya Malikereddy"
            },
            "timeouts": null,
            "type": "AzureMonitorLinuxAgent",
            "type_handler_version": "1.0",
            "virtual_machine_id": "/subscriptions/1d212972-cba6-40f5-964a-e09a3321fc96/resourceGroups/n01653241-RG/providers/Microsoft.Compute/virtualMachines/linux-3241vm01-1"
          },
          "sensitive_attributes": [
            [
              {
                "type": "get_attr",
                "value": "protected_settings"
              }
            ]
          ],
          "private": "eyJlMmJmYjczMC1lY2FhLTExZTYtOGY4OC0zNDM2M2JjN2M0YzAiOnsiY3JlYXRlIjoxODAwMDAwMDAwMDAwLCJkZWxldGUiOjE4MDAwMDAwMDAwMDAsInJlYWQiOjMwMDAwMDAwMDAwMCwidXBkYXRlIjoxODAwMDAwMDAwMDAwfX0=",
          "dependencies": [
            "module.common_services.azurerm_storage_account.standard_storage-3241",
            "module.linux_vm.azurerm_availability_set.as-3241",
            "module.linux_vm.azurerm_linux_virtual_machine.vmlinux",
            "module.linux_vm.azurerm_network_interface.NI",
            "module.linux_vm.azurerm_public_ip.pub_ip",
            "module.networking.azurerm_subnet.subnet-3241",
            "module.networking.azurerm_virtual_network.network-3241",
            "module.resource_group.azurerm_resource_group.rgroup-3241"
          ]
        }
      ]
    },
    {
      "module": "module.linux_vm",
      "mode": "managed",
      "type": "azurerm_virtual_machine_extension",
      "name": "network_watcher",
      "provider": "provider[\"registry.terraform.io/hashicorp/azurerm\"]",
      "instances": [
        {
          "index_key": 0,
          "schema_version": 0,
          "attributes": {
            "auto_upgrade_minor_version": false,
            "automatic_upgrade_enabled": false,
            "failure_suppression_enabled": false,
            "id": "/subscriptions/1d212972-cba6-40f5-964a-e09a3321fc96/resourceGroups/n01653241-RG/providers/Microsoft.Compute/virtualMachines/linux-3241vm01-2/extensions/linux-3241vm01-network_watcher-1",
            "name": "linux-3241vm01-network_watcher-1",
            "protected_settings": null,
            "protected_settings_from_key_vault": [],
            "provision_after_extensions": [],
            "publisher": "Microsoft.Azure.NetworkWatcher",
            "settings": null,
            "tags": {
              "Assignment": "CCGC 5502 Automation Assignment",
              "Environment": "Learning",
              "ExpirationDate": "2024-12-31",
              "Name": "Ramya Malikereddy"
            },
            "timeouts": null,
            "type": "NetworkWatcherAgentLinux",
            "type_handler_version": "1.4",
            "virtual_machine_id": "/subscriptions/1d212972-cba6-40f5-964a-e09a3321fc96/resourceGroups/n01653241-RG/providers/Microsoft.Compute/virtualMachines/linux-3241vm01-2"
          },
          "sensitive_attributes": [
            [
              {
                "type": "get_attr",
                "value": "protected_settings"
              }
            ]
          ],
          "private": "eyJlMmJmYjczMC1lY2FhLTExZTYtOGY4OC0zNDM2M2JjN2M0YzAiOnsiY3JlYXRlIjoxODAwMDAwMDAwMDAwLCJkZWxldGUiOjE4MDAwMDAwMDAwMDAsInJlYWQiOjMwMDAwMDAwMDAwMCwidXBkYXRlIjoxODAwMDAwMDAwMDAwfX0=",
          "dependencies": [
            "module.common_services.azurerm_storage_account.standard_storage-3241",
            "module.linux_vm.azurerm_availability_set.as-3241",
            "module.linux_vm.azurerm_linux_virtual_machine.vmlinux",
            "module.linux_vm.azurerm_network_interface.NI",
            "module.linux_vm.azurerm_public_ip.pub_ip",
            "module.networking.azurerm_subnet.subnet-3241",
            "module.networking.azurerm_virtual_network.network-3241",
            "module.resource_group.azurerm_resource_group.rgroup-3241"
          ]
        },
        {
          "index_key": 1,
          "schema_version": 0,
          "attributes": {
            "auto_upgrade_minor_version": false,
            "automatic_upgrade_enabled": false,
            "failure_suppression_enabled": false,
            "id": "/subscriptions/1d212972-cba6-40f5-964a-e09a3321fc96/resourceGroups/n01653241-RG/providers/Microsoft.Compute/virtualMachines/linux-3241vm01-3/extensions/linux-3241vm01-network_watcher-2",
            "name": "linux-3241vm01-network_watcher-2",
            "protected_settings": null,
            "protected_settings_from_key_vault": [],
            "provision_after_extensions": [],
            "publisher": "Microsoft.Azure.NetworkWatcher",
            "settings": null,
            "tags": {
              "Assignment": "CCGC 5502 Automation Assignment",
              "Environment": "Learning",
              "ExpirationDate": "2024-12-31",
              "Name": "Ramya Malikereddy"
            },
            "timeouts": null,
            "type": "NetworkWatcherAgentLinux",
            "type_handler_version": "1.4",
            "virtual_machine_id": "/subscriptions/1d212972-cba6-40f5-964a-e09a3321fc96/resourceGroups/n01653241-RG/providers/Microsoft.Compute/virtualMachines/linux-3241vm01-3"
          },
          "sensitive_attributes": [
            [
              {
                "type": "get_attr",
                "value": "protected_settings"
              }
            ]
          ],
          "private": "eyJlMmJmYjczMC1lY2FhLTExZTYtOGY4OC0zNDM2M2JjN2M0YzAiOnsiY3JlYXRlIjoxODAwMDAwMDAwMDAwLCJkZWxldGUiOjE4MDAwMDAwMDAwMDAsInJlYWQiOjMwMDAwMDAwMDAwMCwidXBkYXRlIjoxODAwMDAwMDAwMDAwfX0=",
          "dependencies": [
            "module.common_services.azurerm_storage_account.standard_storage-3241",
            "module.linux_vm.azurerm_availability_set.as-3241",
            "module.linux_vm.azurerm_linux_virtual_machine.vmlinux",
            "module.linux_vm.azurerm_network_interface.NI",
            "module.linux_vm.azurerm_public_ip.pub_ip",
            "module.networking.azurerm_subnet.subnet-3241",
            "module.networking.azurerm_virtual_network.network-3241",
            "module.resource_group.azurerm_resource_group.rgroup-3241"
          ]
        },
        {
          "index_key": 2,
          "schema_version": 0,
          "attributes": {
            "auto_upgrade_minor_version": false,
            "automatic_upgrade_enabled": false,
            "failure_suppression_enabled": false,
            "id": "/subscriptions/1d212972-cba6-40f5-964a-e09a3321fc96/resourceGroups/n01653241-RG/providers/Microsoft.Compute/virtualMachines/linux-3241vm01-1/extensions/linux-3241vm01-network_watcher-3",
            "name": "linux-3241vm01-network_watcher-3",
            "protected_settings": null,
            "protected_settings_from_key_vault": [],
            "provision_after_extensions": [],
            "publisher": "Microsoft.Azure.NetworkWatcher",
            "settings": null,
            "tags": {
              "Assignment": "CCGC 5502 Automation Assignment",
              "Environment": "Learning",
              "ExpirationDate": "2024-12-31",
              "Name": "Ramya Malikereddy"
            },
            "timeouts": null,
            "type": "NetworkWatcherAgentLinux",
            "type_handler_version": "1.4",
            "virtual_machine_id": "/subscriptions/1d212972-cba6-40f5-964a-e09a3321fc96/resourceGroups/n01653241-RG/providers/Microsoft.Compute/virtualMachines/linux-3241vm01-1"
          },
          "sensitive_attributes": [
            [
              {
                "type": "get_attr",
                "value": "protected_settings"
              }
            ]
          ],
          "private": "eyJlMmJmYjczMC1lY2FhLTExZTYtOGY4OC0zNDM2M2JjN2M0YzAiOnsiY3JlYXRlIjoxODAwMDAwMDAwMDAwLCJkZWxldGUiOjE4MDAwMDAwMDAwMDAsInJlYWQiOjMwMDAwMDAwMDAwMCwidXBkYXRlIjoxODAwMDAwMDAwMDAwfX0=",
          "dependencies": [
            "module.common_services.azurerm_storage_account.standard_storage-3241",
            "module.linux_vm.azurerm_availability_set.as-3241",
            "module.linux_vm.azurerm_linux_virtual_machine.vmlinux",
            "module.linux_vm.azurerm_network_interface.NI",
            "module.linux_vm.azurerm_public_ip.pub_ip",
            "module.networking.azurerm_subnet.subnet-3241",
            "module.networking.azurerm_virtual_network.network-3241",
            "module.resource_group.azurerm_resource_group.rgroup-3241"
          ]
        }
      ]
    },
    {
      "module": "module.linux_vm",
      "mode": "managed",
      "type": "null_resource",
      "name": "vmlinux-provisioner-linux",
      "provider": "provider[\"registry.terraform.io/hashicorp/null\"]",
      "instances": [
        {
          "index_key": 0,
          "schema_version": 0,
          "attributes": {
            "id": "975581465485689017",
            "triggers": null
          },
          "sensitive_attributes": [],
          "dependencies": [
            "module.common_services.azurerm_storage_account.standard_storage-3241",
            "module.linux_vm.azurerm_availability_set.as-3241",
            "module.linux_vm.azurerm_linux_virtual_machine.vmlinux",
            "module.linux_vm.azurerm_network_interface.NI",
            "module.linux_vm.azurerm_public_ip.pub_ip",
            "module.networking.azurerm_subnet.subnet-3241",
            "module.networking.azurerm_virtual_network.network-3241",
            "module.resource_group.azurerm_resource_group.rgroup-3241"
          ]
        },
        {
          "index_key": 1,
          "schema_version": 0,
          "attributes": {
            "id": "4826843661324032902",
            "triggers": null
          },
          "sensitive_attributes": [],
          "dependencies": [
            "module.common_services.azurerm_storage_account.standard_storage-3241",
            "module.linux_vm.azurerm_availability_set.as-3241",
            "module.linux_vm.azurerm_linux_virtual_machine.vmlinux",
            "module.linux_vm.azurerm_network_interface.NI",
            "module.linux_vm.azurerm_public_ip.pub_ip",
            "module.networking.azurerm_subnet.subnet-3241",
            "module.networking.azurerm_virtual_network.network-3241",
            "module.resource_group.azurerm_resource_group.rgroup-3241"
          ]
        },
        {
          "index_key": 2,
          "schema_version": 0,
          "attributes": {
            "id": "4691570260610077068",
            "triggers": null
          },
          "sensitive_attributes": [],
          "dependencies": [
            "module.common_services.azurerm_storage_account.standard_storage-3241",
            "module.linux_vm.azurerm_availability_set.as-3241",
            "module.linux_vm.azurerm_linux_virtual_machine.vmlinux",
            "module.linux_vm.azurerm_network_interface.NI",
            "module.linux_vm.azurerm_public_ip.pub_ip",
            "module.networking.azurerm_subnet.subnet-3241",
            "module.networking.azurerm_virtual_network.network-3241",
            "module.resource_group.azurerm_resource_group.rgroup-3241"
          ]
        }
      ]
    },
    {
      "module": "module.loadbalancer",
      "mode": "managed",
      "type": "azurerm_lb",
      "name": "ramya-lb",
      "provider": "provider[\"registry.terraform.io/hashicorp/azurerm\"]",
      "instances": [
        {
          "schema_version": 0,
          "attributes": {
            "edge_zone": "",
            "frontend_ip_configuration": [
              {
                "gateway_load_balancer_frontend_ip_configuration_id": "",
                "id": "/subscriptions/1d212972-cba6-40f5-964a-e09a3321fc96/resourceGroups/n01653241-RG/providers/Microsoft.Network/loadBalancers/assignment-lb/frontendIPConfigurations/assignment-lb-ipconfig",
                "inbound_nat_rules": [],
                "load_balancer_rules": [],
                "name": "assignment-lb-ipconfig",
                "outbound_rules": [],
                "private_ip_address": "",
                "private_ip_address_allocation": "Dynamic",
                "private_ip_address_version": "",
                "public_ip_address_id": "/subscriptions/1d212972-cba6-40f5-964a-e09a3321fc96/resourceGroups/n01653241-RG/providers/Microsoft.Network/publicIPAddresses/LB-pub_ip",
                "public_ip_prefix_id": "",
                "subnet_id": "",
                "zones": []
              }
            ],
            "id": "/subscriptions/1d212972-cba6-40f5-964a-e09a3321fc96/resourceGroups/n01653241-RG/providers/Microsoft.Network/loadBalancers/assignment-lb",
            "location": "canadacentral",
            "name": "assignment-lb",
            "private_ip_address": "",
            "private_ip_addresses": [],
            "resource_group_name": "n01653241-RG",
            "sku": "Basic",
            "sku_tier": "Regional",
            "tags": {
              "Assignment": "CCGC 5502 Automation Assignment",
              "Environment": "Learning",
              "ExpirationDate": "2024-12-31",
              "Name": "Ramya Malikereddy"
            },
            "timeouts": null
          },
          "sensitive_attributes": [],
          "private": "eyJlMmJmYjczMC1lY2FhLTExZTYtOGY4OC0zNDM2M2JjN2M0YzAiOnsiY3JlYXRlIjoxODAwMDAwMDAwMDAwLCJkZWxldGUiOjE4MDAwMDAwMDAwMDAsInJlYWQiOjMwMDAwMDAwMDAwMCwidXBkYXRlIjoxODAwMDAwMDAwMDAwfX0=",
          "dependencies": [
            "module.loadbalancer.azurerm_public_ip.lb_public_ip",
            "module.resource_group.azurerm_resource_group.rgroup-3241"
          ]
        }
      ]
    },
    {
      "module": "module.loadbalancer",
      "mode": "managed",
      "type": "azurerm_lb_backend_address_pool",
      "name": "lb_pool",
      "provider": "provider[\"registry.terraform.io/hashicorp/azurerm\"]",
      "instances": [
        {
          "schema_version": 0,
          "attributes": {
            "backend_ip_configurations": [
              "/subscriptions/1d212972-cba6-40f5-964a-e09a3321fc96/resourceGroups/n01653241-RG/providers/Microsoft.Network/networkInterfaces/linux-3241vm01-nic-1/ipConfigurations/linux-3241vm01-ipconfig-1",
              "/subscriptions/1d212972-cba6-40f5-964a-e09a3321fc96/resourceGroups/n01653241-RG/providers/Microsoft.Network/networkInterfaces/linux-3241vm01-nic-3/ipConfigurations/linux-3241vm01-ipconfig-3",
              "/subscriptions/1d212972-cba6-40f5-964a-e09a3321fc96/resourceGroups/n01653241-RG/providers/Microsoft.Network/networkInterfaces/linux-3241vm01-nic-2/ipConfigurations/linux-3241vm01-ipconfig-2"
            ],
            "id": "/subscriptions/1d212972-cba6-40f5-964a-e09a3321fc96/resourceGroups/n01653241-RG/providers/Microsoft.Network/loadBalancers/assignment-lb/backendAddressPools/assignment-lb-addrpool",
            "inbound_nat_rules": [],
            "load_balancing_rules": [],
            "loadbalancer_id": "/subscriptions/1d212972-cba6-40f5-964a-e09a3321fc96/resourceGroups/n01653241-RG/providers/Microsoft.Network/loadBalancers/assignment-lb",
            "name": "assignment-lb-addrpool",
            "outbound_rules": [],
            "synchronous_mode": "",
            "timeouts": null,
            "tunnel_interface": [],
            "virtual_network_id": ""
          },
          "sensitive_attributes": [],
          "private": "eyJlMmJmYjczMC1lY2FhLTExZTYtOGY4OC0zNDM2M2JjN2M0YzAiOnsiY3JlYXRlIjoxODAwMDAwMDAwMDAwLCJkZWxldGUiOjE4MDAwMDAwMDAwMDAsInJlYWQiOjMwMDAwMDAwMDAwMCwidXBkYXRlIjoxODAwMDAwMDAwMDAwfX0=",
          "dependencies": [
            "module.loadbalancer.azurerm_lb.ramya-lb",
            "module.loadbalancer.azurerm_public_ip.lb_public_ip",
            "module.resource_group.azurerm_resource_group.rgroup-3241"
          ]
        }
      ]
    },
    {
      "module": "module.loadbalancer",
      "mode": "managed",
      "type": "azurerm_network_interface_backend_address_pool_association",
      "name": "lb_pool_association",
      "provider": "provider[\"registry.terraform.io/hashicorp/azurerm\"]",
      "instances": [
        {
          "index_key": 0,
          "schema_version": 0,
          "attributes": {
            "backend_address_pool_id": "/subscriptions/1d212972-cba6-40f5-964a-e09a3321fc96/resourceGroups/n01653241-RG/providers/Microsoft.Network/loadBalancers/assignment-lb/backendAddressPools/assignment-lb-addrpool",
            "id": "/subscriptions/1d212972-cba6-40f5-964a-e09a3321fc96/resourceGroups/n01653241-RG/providers/Microsoft.Network/networkInterfaces/linux-3241vm01-nic-1/ipConfigurations/linux-3241vm01-ipconfig-1|/subscriptions/1d212972-cba6-40f5-964a-e09a3321fc96/resourceGroups/n01653241-RG/providers/Microsoft.Network/loadBalancers/assignment-lb/backendAddressPools/assignment-lb-addrpool",
            "ip_configuration_name": "linux-3241vm01-ipconfig-1",
            "network_interface_id": "/subscriptions/1d212972-cba6-40f5-964a-e09a3321fc96/resourceGroups/n01653241-RG/providers/Microsoft.Network/networkInterfaces/linux-3241vm01-nic-1",
            "timeouts": null
          },
          "sensitive_attributes": [],
          "private": "eyJlMmJmYjczMC1lY2FhLTExZTYtOGY4OC0zNDM2M2JjN2M0YzAiOnsiY3JlYXRlIjoxODAwMDAwMDAwMDAwLCJkZWxldGUiOjE4MDAwMDAwMDAwMDAsInJlYWQiOjMwMDAwMDAwMDAwMH19",
          "dependencies": [
            "module.common_services.azurerm_storage_account.standard_storage-3241",
            "module.linux_vm.azurerm_availability_set.as-3241",
            "module.linux_vm.azurerm_linux_virtual_machine.vmlinux",
            "module.linux_vm.azurerm_network_interface.NI",
            "module.linux_vm.azurerm_public_ip.pub_ip",
            "module.loadbalancer.azurerm_lb.ramya-lb",
            "module.loadbalancer.azurerm_lb_backend_address_pool.lb_pool",
            "module.loadbalancer.azurerm_public_ip.lb_public_ip",
            "module.networking.azurerm_subnet.subnet-3241",
            "module.networking.azurerm_virtual_network.network-3241",
            "module.resource_group.azurerm_resource_group.rgroup-3241"
          ]
        },
        {
          "index_key": 1,
          "schema_version": 0,
          "attributes": {
            "backend_address_pool_id": "/subscriptions/1d212972-cba6-40f5-964a-e09a3321fc96/resourceGroups/n01653241-RG/providers/Microsoft.Network/loadBalancers/assignment-lb/backendAddressPools/assignment-lb-addrpool",
            "id": "/subscriptions/1d212972-cba6-40f5-964a-e09a3321fc96/resourceGroups/n01653241-RG/providers/Microsoft.Network/networkInterfaces/linux-3241vm01-nic-2/ipConfigurations/linux-3241vm01-ipconfig-2|/subscriptions/1d212972-cba6-40f5-964a-e09a3321fc96/resourceGroups/n01653241-RG/providers/Microsoft.Network/loadBalancers/assignment-lb/backendAddressPools/assignment-lb-addrpool",
            "ip_configuration_name": "linux-3241vm01-ipconfig-2",
            "network_interface_id": "/subscriptions/1d212972-cba6-40f5-964a-e09a3321fc96/resourceGroups/n01653241-RG/providers/Microsoft.Network/networkInterfaces/linux-3241vm01-nic-2",
            "timeouts": null
          },
          "sensitive_attributes": [],
          "private": "eyJlMmJmYjczMC1lY2FhLTExZTYtOGY4OC0zNDM2M2JjN2M0YzAiOnsiY3JlYXRlIjoxODAwMDAwMDAwMDAwLCJkZWxldGUiOjE4MDAwMDAwMDAwMDAsInJlYWQiOjMwMDAwMDAwMDAwMH19",
          "dependencies": [
            "module.common_services.azurerm_storage_account.standard_storage-3241",
            "module.linux_vm.azurerm_availability_set.as-3241",
            "module.linux_vm.azurerm_linux_virtual_machine.vmlinux",
            "module.linux_vm.azurerm_network_interface.NI",
            "module.linux_vm.azurerm_public_ip.pub_ip",
            "module.loadbalancer.azurerm_lb.ramya-lb",
            "module.loadbalancer.azurerm_lb_backend_address_pool.lb_pool",
            "module.loadbalancer.azurerm_public_ip.lb_public_ip",
            "module.networking.azurerm_subnet.subnet-3241",
            "module.networking.azurerm_virtual_network.network-3241",
            "module.resource_group.azurerm_resource_group.rgroup-3241"
          ]
        },
        {
          "index_key": 2,
          "schema_version": 0,
          "attributes": {
            "backend_address_pool_id": "/subscriptions/1d212972-cba6-40f5-964a-e09a3321fc96/resourceGroups/n01653241-RG/providers/Microsoft.Network/loadBalancers/assignment-lb/backendAddressPools/assignment-lb-addrpool",
            "id": "/subscriptions/1d212972-cba6-40f5-964a-e09a3321fc96/resourceGroups/n01653241-RG/providers/Microsoft.Network/networkInterfaces/linux-3241vm01-nic-3/ipConfigurations/linux-3241vm01-ipconfig-3|/subscriptions/1d212972-cba6-40f5-964a-e09a3321fc96/resourceGroups/n01653241-RG/providers/Microsoft.Network/loadBalancers/assignment-lb/backendAddressPools/assignment-lb-addrpool",
            "ip_configuration_name": "linux-3241vm01-ipconfig-3",
            "network_interface_id": "/subscriptions/1d212972-cba6-40f5-964a-e09a3321fc96/resourceGroups/n01653241-RG/providers/Microsoft.Network/networkInterfaces/linux-3241vm01-nic-3",
            "timeouts": null
          },
          "sensitive_attributes": [],
          "private": "eyJlMmJmYjczMC1lY2FhLTExZTYtOGY4OC0zNDM2M2JjN2M0YzAiOnsiY3JlYXRlIjoxODAwMDAwMDAwMDAwLCJkZWxldGUiOjE4MDAwMDAwMDAwMDAsInJlYWQiOjMwMDAwMDAwMDAwMH19",
          "dependencies": [
            "module.common_services.azurerm_storage_account.standard_storage-3241",
            "module.linux_vm.azurerm_availability_set.as-3241",
            "module.linux_vm.azurerm_linux_virtual_machine.vmlinux",
            "module.linux_vm.azurerm_network_interface.NI",
            "module.linux_vm.azurerm_public_ip.pub_ip",
            "module.loadbalancer.azurerm_lb.ramya-lb",
            "module.loadbalancer.azurerm_lb_backend_address_pool.lb_pool",
            "module.loadbalancer.azurerm_public_ip.lb_public_ip",
            "module.networking.azurerm_subnet.subnet-3241",
            "module.networking.azurerm_virtual_network.network-3241",
            "module.resource_group.azurerm_resource_group.rgroup-3241"
          ]
        }
      ]
    },
    {
      "module": "module.loadbalancer",
      "mode": "managed",
      "type": "azurerm_public_ip",
      "name": "lb_public_ip",
      "provider": "provider[\"registry.terraform.io/hashicorp/azurerm\"]",
      "instances": [
        {
          "schema_version": 0,
          "attributes": {
            "allocation_method": "Static",
            "ddos_protection_mode": "VirtualNetworkInherited",
            "ddos_protection_plan_id": null,
            "domain_name_label": null,
            "edge_zone": "",
            "fqdn": null,
            "id": "/subscriptions/1d212972-cba6-40f5-964a-e09a3321fc96/resourceGroups/n01653241-RG/providers/Microsoft.Network/publicIPAddresses/LB-pub_ip",
            "idle_timeout_in_minutes": 4,
            "ip_address": "52.233.4.157",
            "ip_tags": {},
            "ip_version": "IPv4",
            "location": "canadacentral",
            "name": "LB-pub_ip",
            "public_ip_prefix_id": null,
            "resource_group_name": "n01653241-RG",
            "reverse_fqdn": null,
            "sku": "Basic",
            "sku_tier": "Regional",
            "tags": {
              "Assignment": "CCGC 5502 Automation Assignment",
              "Environment": "Learning",
              "ExpirationDate": "2024-12-31",
              "Name": "Ramya Malikereddy"
            },
            "timeouts": null,
            "zones": []
          },
          "sensitive_attributes": [],
          "private": "eyJlMmJmYjczMC1lY2FhLTExZTYtOGY4OC0zNDM2M2JjN2M0YzAiOnsiY3JlYXRlIjoxODAwMDAwMDAwMDAwLCJkZWxldGUiOjE4MDAwMDAwMDAwMDAsInJlYWQiOjMwMDAwMDAwMDAwMCwidXBkYXRlIjoxODAwMDAwMDAwMDAwfX0=",
          "dependencies": [
            "module.resource_group.azurerm_resource_group.rgroup-3241"
          ]
        }
      ]
    },
    {
      "module": "module.networking",
      "mode": "managed",
      "type": "azurerm_network_security_group",
      "name": "secgroup-3241",
      "provider": "provider[\"registry.terraform.io/hashicorp/azurerm\"]",
      "instances": [
        {
          "schema_version": 0,
          "attributes": {
            "id": "/subscriptions/1d212972-cba6-40f5-964a-e09a3321fc96/resourceGroups/n01653241-RG/providers/Microsoft.Network/networkSecurityGroups/n01653241-security_group",
            "location": "canadacentral",
            "name": "n01653241-security_group",
            "resource_group_name": "n01653241-RG",
            "security_rule": [
              {
                "access": "Allow",
                "description": "",
                "destination_address_prefix": "*",
                "destination_address_prefixes": [],
                "destination_application_security_group_ids": [],
                "destination_port_range": "22",
                "destination_port_ranges": [],
                "direction": "Inbound",
                "name": "rule1",
                "priority": 100,
                "protocol": "Tcp",
                "source_address_prefix": "*",
                "source_address_prefixes": [],
                "source_application_security_group_ids": [],
                "source_port_range": "*",
                "source_port_ranges": []
              },
              {
                "access": "Allow",
                "description": "",
                "destination_address_prefix": "*",
                "destination_address_prefixes": [],
                "destination_application_security_group_ids": [],
                "destination_port_range": "3389",
                "destination_port_ranges": [],
                "direction": "Inbound",
                "name": "rule3",
                "priority": 300,
                "protocol": "Tcp",
                "source_address_prefix": "*",
                "source_address_prefixes": [],
                "source_application_security_group_ids": [],
                "source_port_range": "*",
                "source_port_ranges": []
              },
              {
                "access": "Allow",
                "description": "",
                "destination_address_prefix": "*",
                "destination_address_prefixes": [],
                "destination_application_security_group_ids": [],
                "destination_port_range": "5985",
                "destination_port_ranges": [],
                "direction": "Inbound",
                "name": "rule2",
                "priority": 200,
                "protocol": "Tcp",
                "source_address_prefix": "*",
                "source_address_prefixes": [],
                "source_application_security_group_ids": [],
                "source_port_range": "*",
                "source_port_ranges": []
              },
              {
                "access": "Allow",
                "description": "",
                "destination_address_prefix": "*",
                "destination_address_prefixes": [],
                "destination_application_security_group_ids": [],
                "destination_port_range": "80",
                "destination_port_ranges": [],
                "direction": "Inbound",
                "name": "rule4",
                "priority": 400,
                "protocol": "Tcp",
                "source_address_prefix": "*",
                "source_address_prefixes": [],
                "source_application_security_group_ids": [],
                "source_port_range": "*",
                "source_port_ranges": []
              }
            ],
            "tags": {
              "Assignment": "CCGC 5502 Automation Assignment",
              "Environment": "Learning",
              "ExpirationDate": "2024-12-31",
              "Name": "Ramya Malikereddy"
            },
            "timeouts": null
          },
          "sensitive_attributes": [],
          "private": "eyJlMmJmYjczMC1lY2FhLTExZTYtOGY4OC0zNDM2M2JjN2M0YzAiOnsiY3JlYXRlIjoxODAwMDAwMDAwMDAwLCJkZWxldGUiOjE4MDAwMDAwMDAwMDAsInJlYWQiOjMwMDAwMDAwMDAwMCwidXBkYXRlIjoxODAwMDAwMDAwMDAwfX0=",
          "dependencies": [
            "module.resource_group.azurerm_resource_group.rgroup-3241"
          ]
        }
      ]
    },
    {
      "module": "module.networking",
      "mode": "managed",
      "type": "azurerm_subnet",
      "name": "subnet-3241",
      "provider": "provider[\"registry.terraform.io/hashicorp/azurerm\"]",
      "instances": [
        {
          "schema_version": 0,
          "attributes": {
            "address_prefixes": [
              "10.0.0.0/24"
            ],
            "default_outbound_access_enabled": true,
            "delegation": [],
            "enforce_private_link_endpoint_network_policies": false,
            "enforce_private_link_service_network_policies": false,
            "id": "/subscriptions/1d212972-cba6-40f5-964a-e09a3321fc96/resourceGroups/n01653241-RG/providers/Microsoft.Network/virtualNetworks/n01609484-vnet/subnets/n01609484-subnet",
            "name": "n01609484-subnet",
            "private_endpoint_network_policies": "Enabled",
            "private_endpoint_network_policies_enabled": true,
            "private_link_service_network_policies_enabled": true,
            "resource_group_name": "n01653241-RG",
            "service_endpoint_policy_ids": [],
            "service_endpoints": [],
            "timeouts": null,
            "virtual_network_name": "n01609484-vnet"
          },
          "sensitive_attributes": [],
          "private": "eyJlMmJmYjczMC1lY2FhLTExZTYtOGY4OC0zNDM2M2JjN2M0YzAiOnsiY3JlYXRlIjoxODAwMDAwMDAwMDAwLCJkZWxldGUiOjE4MDAwMDAwMDAwMDAsInJlYWQiOjMwMDAwMDAwMDAwMCwidXBkYXRlIjoxODAwMDAwMDAwMDAwfX0=",
          "dependencies": [
            "module.networking.azurerm_virtual_network.network-3241",
            "module.resource_group.azurerm_resource_group.rgroup-3241"
          ]
        }
      ]
    },
    {
      "module": "module.networking",
      "mode": "managed",
      "type": "azurerm_subnet_network_security_group_association",
      "name": "nsg_aso",
      "provider": "provider[\"registry.terraform.io/hashicorp/azurerm\"]",
      "instances": [
        {
          "schema_version": 0,
          "attributes": {
            "id": "/subscriptions/1d212972-cba6-40f5-964a-e09a3321fc96/resourceGroups/n01653241-RG/providers/Microsoft.Network/virtualNetworks/n01609484-vnet/subnets/n01609484-subnet",
            "network_security_group_id": "/subscriptions/1d212972-cba6-40f5-964a-e09a3321fc96/resourceGroups/n01653241-RG/providers/Microsoft.Network/networkSecurityGroups/n01653241-security_group",
            "subnet_id": "/subscriptions/1d212972-cba6-40f5-964a-e09a3321fc96/resourceGroups/n01653241-RG/providers/Microsoft.Network/virtualNetworks/n01609484-vnet/subnets/n01609484-subnet",
            "timeouts": null
          },
          "sensitive_attributes": [],
          "private": "eyJlMmJmYjczMC1lY2FhLTExZTYtOGY4OC0zNDM2M2JjN2M0YzAiOnsiY3JlYXRlIjoxODAwMDAwMDAwMDAwLCJkZWxldGUiOjE4MDAwMDAwMDAwMDAsInJlYWQiOjMwMDAwMDAwMDAwMH19",
          "dependencies": [
            "module.networking.azurerm_network_security_group.secgroup-3241",
            "module.networking.azurerm_subnet.subnet-3241",
            "module.networking.azurerm_virtual_network.network-3241",
            "module.resource_group.azurerm_resource_group.rgroup-3241"
          ]
        }
      ]
    },
    {
      "module": "module.networking",
      "mode": "managed",
      "type": "azurerm_virtual_network",
      "name": "network-3241",
      "provider": "provider[\"registry.terraform.io/hashicorp/azurerm\"]",
      "instances": [
        {
          "schema_version": 0,
          "attributes": {
            "address_space": [
              "10.0.0.0/16"
            ],
            "bgp_community": "",
            "ddos_protection_plan": [],
            "dns_servers": [],
            "edge_zone": "",
            "encryption": [],
            "flow_timeout_in_minutes": 0,
            "guid": "e9bcbaaa-4e22-4bf4-a1d3-f5e271bac4d9",
            "id": "/subscriptions/1d212972-cba6-40f5-964a-e09a3321fc96/resourceGroups/n01653241-RG/providers/Microsoft.Network/virtualNetworks/n01609484-vnet",
            "location": "canadacentral",
            "name": "n01609484-vnet",
            "resource_group_name": "n01653241-RG",
            "subnet": [
              {
                "address_prefix": "10.0.0.0/24",
                "id": "/subscriptions/1d212972-cba6-40f5-964a-e09a3321fc96/resourceGroups/n01653241-RG/providers/Microsoft.Network/virtualNetworks/n01609484-vnet/subnets/n01609484-subnet",
                "name": "n01609484-subnet",
                "security_group": "/subscriptions/1d212972-cba6-40f5-964a-e09a3321fc96/resourceGroups/n01653241-RG/providers/Microsoft.Network/networkSecurityGroups/n01653241-security_group"
              }
            ],
            "tags": {
              "Assignment": "CCGC 5502 Automation Assignment",
              "Environment": "Learning",
              "ExpirationDate": "2024-12-31",
              "Name": "Ramya Malikereddy"
            },
            "timeouts": null
          },
          "sensitive_attributes": [],
          "private": "eyJlMmJmYjczMC1lY2FhLTExZTYtOGY4OC0zNDM2M2JjN2M0YzAiOnsiY3JlYXRlIjoxODAwMDAwMDAwMDAwLCJkZWxldGUiOjE4MDAwMDAwMDAwMDAsInJlYWQiOjMwMDAwMDAwMDAwMCwidXBkYXRlIjoxODAwMDAwMDAwMDAwfX0=",
          "dependencies": [
            "module.resource_group.azurerm_resource_group.rgroup-3241"
          ]
        }
      ]
    },
    {
      "module": "module.resource_group",
      "mode": "managed",
      "type": "azurerm_resource_group",
      "name": "rgroup-3241",
      "provider": "provider[\"registry.terraform.io/hashicorp/azurerm\"]",
      "instances": [
        {
          "schema_version": 0,
          "attributes": {
            "id": "/subscriptions/1d212972-cba6-40f5-964a-e09a3321fc96/resourceGroups/n01653241-RG",
            "location": "canadacentral",
            "managed_by": "",
            "name": "n01653241-RG",
            "tags": {
              "Assignment": "CCGC 5502 Automation Assignment",
              "Environment": "Learning",
              "ExpirationDate": "2024-12-31",
              "Name": "Ramya Malikereddy"
            },
            "timeouts": null
          },
          "sensitive_attributes": [],
          "private": "eyJlMmJmYjczMC1lY2FhLTExZTYtOGY4OC0zNDM2M2JjN2M0YzAiOnsiY3JlYXRlIjo1NDAwMDAwMDAwMDAwLCJkZWxldGUiOjU0MDAwMDAwMDAwMDAsInJlYWQiOjMwMDAwMDAwMDAwMCwidXBkYXRlIjo1NDAwMDAwMDAwMDAwfX0="
        }
      ]
    },
    {
      "module": "module.windows_vm",
      "mode": "managed",
      "type": "azurerm_availability_set",
      "name": "windows_availability_set",
      "provider": "provider[\"registry.terraform.io/hashicorp/azurerm\"]",
      "instances": [
        {
          "schema_version": 0,
          "attributes": {
            "id": "/subscriptions/1d212972-cba6-40f5-964a-e09a3321fc96/resourceGroups/n01653241-RG/providers/Microsoft.Compute/availabilitySets/windows-3241vm_avs",
            "location": "canadacentral",
            "managed": true,
            "name": "windows-3241vm_avs",
            "platform_fault_domain_count": 3,
            "platform_update_domain_count": 5,
            "proximity_placement_group_id": null,
            "resource_group_name": "n01653241-RG",
            "tags": {
              "Assignment": "CCGC 5502 Automation Assignment",
              "Environment": "Learning",
              "ExpirationDate": "2024-12-31",
              "Name": "Ramya Malikereddy"
            },
            "timeouts": null
          },
          "sensitive_attributes": [],
          "private": "eyJlMmJmYjczMC1lY2FhLTExZTYtOGY4OC0zNDM2M2JjN2M0YzAiOnsiY3JlYXRlIjoxODAwMDAwMDAwMDAwLCJkZWxldGUiOjE4MDAwMDAwMDAwMDAsInJlYWQiOjMwMDAwMDAwMDAwMCwidXBkYXRlIjoxODAwMDAwMDAwMDAwfX0=",
          "dependencies": [
            "module.resource_group.azurerm_resource_group.rgroup-3241"
          ]
        }
      ]
    },
    {
      "module": "module.windows_vm",
      "mode": "managed",
      "type": "azurerm_network_interface",
      "name": "windows_nic",
      "provider": "provider[\"registry.terraform.io/hashicorp/azurerm\"]",
      "instances": [
        {
          "index_key": 0,
          "schema_version": 0,
          "attributes": {
            "accelerated_networking_enabled": false,
            "applied_dns_servers": [],
            "auxiliary_mode": "",
            "auxiliary_sku": "",
            "dns_servers": [],
            "edge_zone": "",
            "enable_accelerated_networking": false,
            "enable_ip_forwarding": false,
            "id": "/subscriptions/1d212972-cba6-40f5-964a-e09a3321fc96/resourceGroups/n01653241-RG/providers/Microsoft.Network/networkInterfaces/windows-3241vm-nic-1",
            "internal_dns_name_label": "",
            "internal_domain_name_suffix": "vk3lz0jcj10exiot4xrhdowe1b.ux.internal.cloudapp.net",
            "ip_configuration": [
              {
                "gateway_load_balancer_frontend_ip_configuration_id": "",
                "name": "windows-3241vm-ipconfig-1",
                "primary": true,
                "private_ip_address": "10.0.0.6",
                "private_ip_address_allocation": "Dynamic",
                "private_ip_address_version": "IPv4",
                "public_ip_address_id": "/subscriptions/1d212972-cba6-40f5-964a-e09a3321fc96/resourceGroups/n01653241-RG/providers/Microsoft.Network/publicIPAddresses/windows-3241vm-pubip-1",
                "subnet_id": "/subscriptions/1d212972-cba6-40f5-964a-e09a3321fc96/resourceGroups/n01653241-RG/providers/Microsoft.Network/virtualNetworks/n01609484-vnet/subnets/n01609484-subnet"
              }
            ],
            "ip_forwarding_enabled": false,
            "location": "canadacentral",
            "mac_address": "00-0D-3A-E8-F4-41",
            "name": "windows-3241vm-nic-1",
            "private_ip_address": "10.0.0.6",
            "private_ip_addresses": [
              "10.0.0.6"
            ],
            "resource_group_name": "n01653241-RG",
            "tags": {
              "Assignment": "CCGC 5502 Automation Assignment",
              "Environment": "Learning",
              "ExpirationDate": "2024-12-31",
              "Name": "Ramya Malikereddy"
            },
            "timeouts": null,
            "virtual_machine_id": "/subscriptions/1d212972-cba6-40f5-964a-e09a3321fc96/resourceGroups/n01653241-RG/providers/Microsoft.Compute/virtualMachines/windows-3241vm-windowsvm-1"
          },
          "sensitive_attributes": [],
          "private": "eyJlMmJmYjczMC1lY2FhLTExZTYtOGY4OC0zNDM2M2JjN2M0YzAiOnsiY3JlYXRlIjoxODAwMDAwMDAwMDAwLCJkZWxldGUiOjE4MDAwMDAwMDAwMDAsInJlYWQiOjMwMDAwMDAwMDAwMCwidXBkYXRlIjoxODAwMDAwMDAwMDAwfX0=",
          "dependencies": [
            "module.networking.azurerm_subnet.subnet-3241",
            "module.networking.azurerm_virtual_network.network-3241",
            "module.resource_group.azurerm_resource_group.rgroup-3241",
            "module.windows_vm.azurerm_public_ip.windows_public_ip",
            "module.windows_vm.random_pet.dns_suffix"
          ]
        }
      ]
    },
    {
      "module": "module.windows_vm",
      "mode": "managed",
      "type": "azurerm_public_ip",
      "name": "windows_public_ip",
      "provider": "provider[\"registry.terraform.io/hashicorp/azurerm\"]",
      "instances": [
        {
          "index_key": 0,
          "schema_version": 0,
          "attributes": {
            "allocation_method": "Dynamic",
            "ddos_protection_mode": "VirtualNetworkInherited",
            "ddos_protection_plan_id": null,
            "domain_name_label": "dns-logical-piglet-1",
            "edge_zone": "",
            "fqdn": "dns-logical-piglet-1.canadacentral.cloudapp.azure.com",
            "id": "/subscriptions/1d212972-cba6-40f5-964a-e09a3321fc96/resourceGroups/n01653241-RG/providers/Microsoft.Network/publicIPAddresses/windows-3241vm-pubip-1",
            "idle_timeout_in_minutes": 4,
            "ip_address": "4.206.105.169",
            "ip_tags": {},
            "ip_version": "IPv4",
            "location": "canadacentral",
            "name": "windows-3241vm-pubip-1",
            "public_ip_prefix_id": null,
            "resource_group_name": "n01653241-RG",
            "reverse_fqdn": "",
            "sku": "Basic",
            "sku_tier": "Regional",
            "tags": {
              "Assignment": "CCGC 5502 Automation Assignment",
              "Environment": "Learning",
              "ExpirationDate": "2024-12-31",
              "Name": "Ramya Malikereddy"
            },
            "timeouts": null,
            "zones": []
          },
          "sensitive_attributes": [],
          "private": "eyJlMmJmYjczMC1lY2FhLTExZTYtOGY4OC0zNDM2M2JjN2M0YzAiOnsiY3JlYXRlIjoxODAwMDAwMDAwMDAwLCJkZWxldGUiOjE4MDAwMDAwMDAwMDAsInJlYWQiOjMwMDAwMDAwMDAwMCwidXBkYXRlIjoxODAwMDAwMDAwMDAwfX0=",
          "dependencies": [
            "module.resource_group.azurerm_resource_group.rgroup-3241",
            "module.windows_vm.random_pet.dns_suffix"
          ]
        }
      ]
    },
    {
      "module": "module.windows_vm",
      "mode": "managed",
      "type": "azurerm_virtual_machine_extension",
      "name": "antimalware",
      "provider": "provider[\"registry.terraform.io/hashicorp/azurerm\"]",
      "instances": [
        {
          "index_key": 0,
          "schema_version": 0,
          "attributes": {
            "auto_upgrade_minor_version": false,
            "automatic_upgrade_enabled": false,
            "failure_suppression_enabled": false,
            "id": "/subscriptions/1d212972-cba6-40f5-964a-e09a3321fc96/resourceGroups/n01653241-RG/providers/Microsoft.Compute/virtualMachines/windows-3241vm-windowsvm-1/extensions/Antimalware",
            "name": "Antimalware",
            "protected_settings": null,
            "protected_settings_from_key_vault": [],
            "provision_after_extensions": [],
            "publisher": "Microsoft.Azure.Security",
            "settings": "{\"AntimalwareEnabled\":true,\"RealtimeProtectionEnabled\":\"true\",\"ScheduledScanSettings\":{\"day\":\"1\",\"isEnabled\":\"true\",\"scanType\":\"Quick\",\"time\":\"120\"}}",
            "tags": {
              "Assignment": "CCGC 5502 Automation Assignment",
              "Environment": "Learning",
              "ExpirationDate": "2024-12-31",
              "Name": "Ramya Malikereddy"
            },
            "timeouts": null,
            "type": "IaaSAntimalware",
            "type_handler_version": "1.5",
            "virtual_machine_id": "/subscriptions/1d212972-cba6-40f5-964a-e09a3321fc96/resourceGroups/n01653241-RG/providers/Microsoft.Compute/virtualMachines/windows-3241vm-windowsvm-1"
          },
          "sensitive_attributes": [
            [
              {
                "type": "get_attr",
                "value": "protected_settings"
              }
            ]
          ],
          "private": "eyJlMmJmYjczMC1lY2FhLTExZTYtOGY4OC0zNDM2M2JjN2M0YzAiOnsiY3JlYXRlIjoxODAwMDAwMDAwMDAwLCJkZWxldGUiOjE4MDAwMDAwMDAwMDAsInJlYWQiOjMwMDAwMDAwMDAwMCwidXBkYXRlIjoxODAwMDAwMDAwMDAwfX0=",
          "dependencies": [
            "module.common_services.azurerm_storage_account.standard_storage-3241",
            "module.networking.azurerm_subnet.subnet-3241",
            "module.networking.azurerm_virtual_network.network-3241",
            "module.resource_group.azurerm_resource_group.rgroup-3241",
            "module.windows_vm.azurerm_availability_set.windows_availability_set",
            "module.windows_vm.azurerm_network_interface.windows_nic",
            "module.windows_vm.azurerm_public_ip.windows_public_ip",
            "module.windows_vm.azurerm_windows_virtual_machine.windows_vm",
            "module.windows_vm.random_pet.dns_suffix"
          ]
        }
      ]
    },
    {
      "module": "module.windows_vm",
      "mode": "managed",
      "type": "azurerm_windows_virtual_machine",
      "name": "windows_vm",
      "provider": "provider[\"registry.terraform.io/hashicorp/azurerm\"]",
      "instances": [
        {
          "index_key": 0,
          "schema_version": 0,
          "attributes": {
            "additional_capabilities": [],
            "additional_unattend_content": [],
            "admin_password": "ramya@123",
            "admin_username": "w_n01653241",
            "allow_extension_operations": true,
            "availability_set_id": "/subscriptions/1d212972-cba6-40f5-964a-e09a3321fc96/resourceGroups/n01653241-RG/providers/Microsoft.Compute/availabilitySets/WINDOWS-3241VM_AVS",
            "boot_diagnostics": [
              {
                "storage_account_uri": "https://ramyastorage3241.blob.core.windows.net/"
              }
            ],
            "bypass_platform_safety_checks_on_user_schedule_enabled": false,
            "capacity_reservation_group_id": "",
            "computer_name": "win-comp-1",
            "custom_data": null,
            "dedicated_host_group_id": "",
            "dedicated_host_id": "",
            "disk_controller_type": "",
            "edge_zone": "",
            "enable_automatic_updates": true,
            "encryption_at_host_enabled": false,
            "eviction_policy": "",
            "extensions_time_budget": "PT1H30M",
            "gallery_application": [],
            "hotpatching_enabled": false,
            "id": "/subscriptions/1d212972-cba6-40f5-964a-e09a3321fc96/resourceGroups/n01653241-RG/providers/Microsoft.Compute/virtualMachines/windows-3241vm-windowsvm-1",
            "identity": [],
            "license_type": "",
            "location": "canadacentral",
            "max_bid_price": -1,
            "name": "windows-3241vm-windowsvm-1",
            "network_interface_ids": [
              "/subscriptions/1d212972-cba6-40f5-964a-e09a3321fc96/resourceGroups/n01653241-RG/providers/Microsoft.Network/networkInterfaces/windows-3241vm-nic-1"
            ],
            "os_disk": [
              {
                "caching": "ReadWrite",
                "diff_disk_settings": [],
                "disk_encryption_set_id": "",
                "disk_size_gb": 127,
                "name": "osdisk-1",
                "secure_vm_disk_encryption_set_id": "",
                "security_encryption_type": "",
                "storage_account_type": "Standard_LRS",
                "write_accelerator_enabled": false
              }
            ],
            "os_image_notification": [],
            "patch_assessment_mode": "ImageDefault",
            "patch_mode": "AutomaticByOS",
            "plan": [],
            "platform_fault_domain": -1,
            "priority": "Regular",
            "private_ip_address": "10.0.0.6",
            "private_ip_addresses": [
              "10.0.0.6"
            ],
            "provision_vm_agent": true,
            "proximity_placement_group_id": "",
            "public_ip_address": "4.206.105.169",
            "public_ip_addresses": [
              "4.206.105.169"
            ],
            "reboot_setting": "",
            "resource_group_name": "n01653241-RG",
            "secret": [],
            "secure_boot_enabled": false,
            "size": "Standard_DS1_v2",
            "source_image_id": "",
            "source_image_reference": [
              {
                "offer": "WindowsServer",
                "publisher": "MicrosoftWindowsServer",
                "sku": "2016-Datacenter",
                "version": "latest"
              }
            ],
            "tags": {
              "Assignment": "CCGC 5502 Automation Assignment",
              "Environment": "Learning",
              "ExpirationDate": "2024-12-31",
              "Name": "Ramya Malikereddy"
            },
            "termination_notification": [],
            "timeouts": null,
            "timezone": "",
            "user_data": "",
            "virtual_machine_id": "1c4ee3a5-5be2-410b-a901-45341da43706",
            "virtual_machine_scale_set_id": "",
            "vm_agent_platform_updates_enabled": false,
            "vtpm_enabled": false,
            "winrm_listener": [],
            "zone": ""
          },
          "sensitive_attributes": [
            [
              {
                "type": "get_attr",
                "value": "custom_data"
              }
            ],
            [
              {
                "type": "get_attr",
                "value": "admin_password"
              }
            ]
          ],
          "private": "eyJlMmJmYjczMC1lY2FhLTExZTYtOGY4OC0zNDM2M2JjN2M0YzAiOnsiY3JlYXRlIjoyNzAwMDAwMDAwMDAwLCJkZWxldGUiOjI3MDAwMDAwMDAwMDAsInJlYWQiOjMwMDAwMDAwMDAwMCwidXBkYXRlIjoyNzAwMDAwMDAwMDAwfX0=",
          "dependencies": [
            "module.common_services.azurerm_storage_account.standard_storage-3241",
            "module.networking.azurerm_subnet.subnet-3241",
            "module.networking.azurerm_virtual_network.network-3241",
            "module.resource_group.azurerm_resource_group.rgroup-3241",
            "module.windows_vm.azurerm_availability_set.windows_availability_set",
            "module.windows_vm.azurerm_network_interface.windows_nic",
            "module.windows_vm.azurerm_public_ip.windows_public_ip",
            "module.windows_vm.random_pet.dns_suffix"
          ]
        }
      ]
    },
    {
      "module": "module.windows_vm",
      "mode": "managed",
      "type": "random_pet",
      "name": "dns_suffix",
      "provider": "provider[\"registry.terraform.io/hashicorp/random\"]",
      "instances": [
        {
          "schema_version": 0,
          "attributes": {
            "id": "logical-piglet",
            "keepers": null,
            "length": 2,
            "prefix": null,
            "separator": "-"
          },
          "sensitive_attributes": []
        }
      ]
    }
  ],
  "check_results": null
}
